// !$*UTF8*$!
{
	archiveVersion = 1;
	classes = {
	};
	objectVersion = 45;
	objects = {

/* Begin PBXBuildFile section */
		E03BA24D116747FC00FE7924 /* main.m in Sources */ = {isa = PBXBuildFile; fileRef = E03BA24C116747FC00FE7924 /* main.m */; };
		E03BA2721167488B00FE7924 /* Foundation.framework in Frameworks */ = {isa = PBXBuildFile; fileRef = E03BA2711167488B00FE7924 /* Foundation.framework */; };
		E03BA2741167489600FE7924 /* UIKit.framework in Frameworks */ = {isa = PBXBuildFile; fileRef = E03BA2731167489600FE7924 /* UIKit.framework */; };
		E03BA38611674C3300FE7924 /* MainWindow.xib in Resources */ = {isa = PBXBuildFile; fileRef = E03BA38511674C3300FE7924 /* MainWindow.xib */; };
		E03BA38911674CBF00FE7924 /* CDXAppDelegate.m in Sources */ = {isa = PBXBuildFile; fileRef = E03BA38811674CBF00FE7924 /* CDXAppDelegate.m */; };
/* End PBXBuildFile section */

/* Begin PBXFileReference section */
		E002B449116754350072C409 /* CardDecks2.app */ = {isa = PBXFileReference; explicitFileType = wrapper.application; includeInIndex = 0; path = CardDecks2.app; sourceTree = BUILT_PRODUCTS_DIR; };
		E03BA23F1167475000FE7924 /* Info.plist */ = {isa = PBXFileReference; fileEncoding = 4; lastKnownFileType = text.plist.xml; path = Info.plist; sourceTree = "<group>"; };
		E03BA24C116747FC00FE7924 /* main.m */ = {isa = PBXFileReference; fileEncoding = 4; lastKnownFileType = sourcecode.c.objc; path = main.m; sourceTree = "<group>"; };
		E03BA2501167485A00FE7924 /* CDX.pch */ = {isa = PBXFileReference; fileEncoding = 4; lastKnownFileType = sourcecode.c.h; path = CDX.pch; sourceTree = "<group>"; };
		E03BA2711167488B00FE7924 /* Foundation.framework */ = {isa = PBXFileReference; lastKnownFileType = wrapper.framework; name = Foundation.framework; path = System/Library/Frameworks/Foundation.framework; sourceTree = SDKROOT; };
		E03BA2731167489600FE7924 /* UIKit.framework */ = {isa = PBXFileReference; lastKnownFileType = wrapper.framework; name = UIKit.framework; path = System/Library/Frameworks/UIKit.framework; sourceTree = SDKROOT; };
		E03BA38511674C3300FE7924 /* MainWindow.xib */ = {isa = PBXFileReference; lastKnownFileType = file.xib; name = MainWindow.xib; path = UserInterfaces/MainWindow.xib; sourceTree = "<group>"; };
		E03BA38711674CBF00FE7924 /* CDXAppDelegate.h */ = {isa = PBXFileReference; fileEncoding = 4; lastKnownFileType = sourcecode.c.h; name = CDXAppDelegate.h; path = Classes/CDXAppDelegate.h; sourceTree = "<group>"; };
		E03BA38811674CBF00FE7924 /* CDXAppDelegate.m */ = {isa = PBXFileReference; fileEncoding = 4; lastKnownFileType = sourcecode.c.objc; name = CDXAppDelegate.m; path = Classes/CDXAppDelegate.m; sourceTree = "<group>"; };
/* End PBXFileReference section */

/* Begin PBXFrameworksBuildPhase section */
		1D60588F0D05DD3D006BFB54 /* Frameworks */ = {
			isa = PBXFrameworksBuildPhase;
			buildActionMask = 2147483647;
			files = (
				E03BA2721167488B00FE7924 /* Foundation.framework in Frameworks */,
				E03BA2741167489600FE7924 /* UIKit.framework in Frameworks */,
			);
			runOnlyForDeploymentPostprocessing = 0;
		};
/* End PBXFrameworksBuildPhase section */

/* Begin PBXGroup section */
		29B97314FDCFA39411CA2CEA /* CustomTemplate */ = {
			isa = PBXGroup;
			children = (
				E03BA34911674A2F00FE7924 /* Classes */,
				E03BA33A11674A2200FE7924 /* Other Sources */,
				E03BA38311674C1000FE7924 /* User Interfaces */,
				E03BA23F1167475000FE7924 /* Info.plist */,
				E03BA26E1167488000FE7924 /* Frameworks */,
				E00DD48811662E5500D4215E /* Products */,
			);
			name = CustomTemplate;
			sourceTree = "<group>";
		};
		E00DD48811662E5500D4215E /* Products */ = {
			isa = PBXGroup;
			children = (
				E002B449116754350072C409 /* CardDecks2.app */,
			);
			name = Products;
			sourceTree = "<group>";
		};
		E03BA26E1167488000FE7924 /* Frameworks */ = {
			isa = PBXGroup;
			children = (
				E03BA2711167488B00FE7924 /* Foundation.framework */,
				E03BA2731167489600FE7924 /* UIKit.framework */,
			);
			name = Frameworks;
			sourceTree = "<group>";
		};
		E03BA33A11674A2200FE7924 /* Other Sources */ = {
			isa = PBXGroup;
			children = (
				E03BA2501167485A00FE7924 /* CDX.pch */,
				E03BA24C116747FC00FE7924 /* main.m */,
			);
			name = "Other Sources";
			sourceTree = "<group>";
		};
		E03BA34911674A2F00FE7924 /* Classes */ = {
			isa = PBXGroup;
			children = (
				E03BA38711674CBF00FE7924 /* CDXAppDelegate.h */,
				E03BA38811674CBF00FE7924 /* CDXAppDelegate.m */,
			);
			name = Classes;
			sourceTree = "<group>";
		};
		E03BA38311674C1000FE7924 /* User Interfaces */ = {
			isa = PBXGroup;
			children = (
				E03BA38511674C3300FE7924 /* MainWindow.xib */,
			);
			name = "User Interfaces";
			sourceTree = "<group>";
		};
/* End PBXGroup section */

/* Begin PBXNativeTarget section */
		1D6058900D05DD3D006BFB54 /* CardDecks2 */ = {
			isa = PBXNativeTarget;
			buildConfigurationList = 1D6058960D05DD3E006BFB54 /* Build configuration list for PBXNativeTarget "CardDecks2" */;
			buildPhases = (
				1D60588D0D05DD3D006BFB54 /* Resources */,
				1D60588E0D05DD3D006BFB54 /* Sources */,
				1D60588F0D05DD3D006BFB54 /* Frameworks */,
			);
			buildRules = (
			);
			dependencies = (
			);
			name = CardDecks2;
			productName = CardDecks;
			productReference = E002B449116754350072C409 /* CardDecks2.app */;
			productType = "com.apple.product-type.application";
		};
/* End PBXNativeTarget section */

/* Begin PBXProject section */
		29B97313FDCFA39411CA2CEA /* Project object */ = {
			isa = PBXProject;
			buildConfigurationList = C01FCF4E08A954540054247B /* Build configuration list for PBXProject "CardDecks" */;
			compatibilityVersion = "Xcode 3.1";
			hasScannedForEncodings = 1;
			mainGroup = 29B97314FDCFA39411CA2CEA /* CustomTemplate */;
			productRefGroup = E00DD48811662E5500D4215E /* Products */;
			projectDirPath = "";
			projectRoot = "";
			targets = (
				1D6058900D05DD3D006BFB54 /* CardDecks2 */,
			);
		};
/* End PBXProject section */

/* Begin PBXResourcesBuildPhase section */
		1D60588D0D05DD3D006BFB54 /* Resources */ = {
			isa = PBXResourcesBuildPhase;
			buildActionMask = 2147483647;
			files = (
				E03BA38611674C3300FE7924 /* MainWindow.xib in Resources */,
			);
			runOnlyForDeploymentPostprocessing = 0;
		};
/* End PBXResourcesBuildPhase section */

/* Begin PBXSourcesBuildPhase section */
		1D60588E0D05DD3D006BFB54 /* Sources */ = {
			isa = PBXSourcesBuildPhase;
			buildActionMask = 2147483647;
			files = (
				E03BA24D116747FC00FE7924 /* main.m in Sources */,
				E03BA38911674CBF00FE7924 /* CDXAppDelegate.m in Sources */,
			);
			runOnlyForDeploymentPostprocessing = 0;
		};
/* End PBXSourcesBuildPhase section */

/* Begin XCBuildConfiguration section */
		1D6058940D05DD3E006BFB54 /* Debug */ = {
			isa = XCBuildConfiguration;
			buildSettings = {
				ALWAYS_SEARCH_USER_PATHS = NO;
				"CODE_SIGN_IDENTITY[sdk=iphoneos*]" = "iPhone Developer";
				COPY_PHASE_STRIP = NO;
				GCC_DYNAMIC_NO_PIC = NO;
				GCC_OPTIMIZATION_LEVEL = 0;
				GCC_PRECOMPILE_PREFIX_HEADER = YES;
				GCC_PREFIX_HEADER = CDX.pch;
				GCC_VERSION = 4.2;
				INFOPLIST_FILE = Info.plist;
				PRODUCT_NAME = CardDecks2;
				RUN_CLANG_STATIC_ANALYZER = YES;
				SDKROOT = iphoneos3.0;
			};
			name = Debug;
		};
		1D6058950D05DD3E006BFB54 /* Release */ = {
			isa = XCBuildConfiguration;
			buildSettings = {
				ALWAYS_SEARCH_USER_PATHS = NO;
				"CODE_SIGN_IDENTITY[sdk=iphoneos*]" = "iPhone Developer";
				COMPRESS_PNG_FILES = YES;
				COPY_PHASE_STRIP = NO;
				GCC_PRECOMPILE_PREFIX_HEADER = YES;
				GCC_PREFIX_HEADER = CDX.pch;
				GCC_VERSION = 4.2;
				INFOPLIST_FILE = Info.plist;
				PRODUCT_NAME = CardDecks2;
				RUN_CLANG_STATIC_ANALYZER = YES;
				SDKROOT = iphoneos3.0;
			};
			name = Release;
		};
		C01FCF4F08A954540054247B /* Debug */ = {
			isa = XCBuildConfiguration;
			buildSettings = {
				ARCHS = "$(ARCHS_STANDARD_32_BIT)";
				"CODE_SIGN_IDENTITY[sdk=iphoneos*]" = "iPhone Developer";
				GCC_C_LANGUAGE_STANDARD = c99;
				GCC_WARN_ABOUT_RETURN_TYPE = YES;
				GCC_WARN_UNUSED_VARIABLE = YES;
				ONLY_ACTIVE_ARCH = YES;
				PREBINDING = NO;
				SDKROOT = iphoneos3.0;
			};
			name = Debug;
		};
		C01FCF5008A954540054247B /* Release */ = {
			isa = XCBuildConfiguration;
			buildSettings = {
				ARCHS = "$(ARCHS_STANDARD_32_BIT)";
				"CODE_SIGN_IDENTITY[sdk=iphoneos*]" = "iPhone Developer";
				GCC_C_LANGUAGE_STANDARD = c99;
				GCC_WARN_ABOUT_RETURN_TYPE = YES;
				GCC_WARN_UNUSED_VARIABLE = YES;
				PREBINDING = NO;
				SDKROOT = iphoneos3.0;
			};
			name = Release;
		};
		E06615A30FFF78C800571D7D /* Distribution */ = {
			isa = XCBuildConfiguration;
			buildSettings = {
				ARCHS = "$(ARCHS_STANDARD_32_BIT)";
				"CODE_SIGN_IDENTITY[sdk=iphoneos*]" = "iPhone Developer";
				GCC_C_LANGUAGE_STANDARD = c99;
				GCC_WARN_ABOUT_RETURN_TYPE = YES;
				GCC_WARN_UNUSED_VARIABLE = YES;
				PREBINDING = NO;
				SDKROOT = iphoneos3.0;
			};
			name = Distribution;
		};
		E06615A40FFF78C800571D7D /* Distribution */ = {
			isa = XCBuildConfiguration;
			buildSettings = {
				ALWAYS_SEARCH_USER_PATHS = NO;
				"CODE_SIGN_IDENTITY[sdk=iphoneos*]" = "iPhone Distribution";
				COMPRESS_PNG_FILES = YES;
				COPY_PHASE_STRIP = NO;
				GCC_PRECOMPILE_PREFIX_HEADER = YES;
				GCC_PREFIX_HEADER = CDX.pch;
				GCC_VERSION = 4.2;
				INFOPLIST_FILE = Info.plist;
				PRODUCT_NAME = CardDecks2;
				RUN_CLANG_STATIC_ANALYZER = YES;
				SDKROOT = iphoneos3.0;
			};
			name = Distribution;
		};
/* End XCBuildConfiguration section */

/* Begin XCConfigurationList section */
		1D6058960D05DD3E006BFB54 /* Build configuration list for PBXNativeTarget "CardDecks2" */ = {
			isa = XCConfigurationList;
			buildConfigurations = (
				1D6058940D05DD3E006BFB54 /* Debug */,
				1D6058950D05DD3E006BFB54 /* Release */,
				E06615A40FFF78C800571D7D /* Distribution */,
			);
			defaultConfigurationIsVisible = 0;
			defaultConfigurationName = Release;
		};
		C01FCF4E08A954540054247B /* Build configuration list for PBXProject "CardDecks" */ = {
			isa = XCConfigurationList;
			buildConfigurations = (
				C01FCF4F08A954540054247B /* Debug */,
				C01FCF5008A954540054247B /* Release */,
				E06615A30FFF78C800571D7D /* Distribution */,
			);
			defaultConfigurationIsVisible = 0;
			defaultConfigurationName = Release;
		};
/* End XCConfigurationList section */
	};
	rootObject = 29B97313FDCFA39411CA2CEA /* Project object */;
}
