// !$*UTF8*$!
{
	archiveVersion = 1;
	classes = {
	};
	objectVersion = 45;
	objects = {

/* Begin PBXBuildFile section */
		1D60589F0D05DD5A006BFB54 /* Foundation.framework in Frameworks */ = {isa = PBXBuildFile; fileRef = 1D30AB110D05D00D00671497 /* Foundation.framework */; };
		1DF5F4E00D08C38300B7A737 /* UIKit.framework in Frameworks */ = {isa = PBXBuildFile; fileRef = 1DF5F4DF0D08C38300B7A737 /* UIKit.framework */; };
		288765FD0DF74451002DB57D /* CoreGraphics.framework in Frameworks */ = {isa = PBXBuildFile; fileRef = 288765FC0DF74451002DB57D /* CoreGraphics.framework */; };
		E0036F261091F74300972E05 /* CDXCardOrientation.m in Sources */ = {isa = PBXBuildFile; fileRef = E0036F251091F74300972E05 /* CDXCardOrientation.m */; };
		E0210D880FD90D7900DFAC6F /* main.m in Sources */ = {isa = PBXBuildFile; fileRef = E0210D870FD90D7900DFAC6F /* main.m */; };
		E0210D8A0FD90DA300DFAC6F /* MainWindow.xib in Resources */ = {isa = PBXBuildFile; fileRef = E0210D890FD90DA300DFAC6F /* MainWindow.xib */; };
		E0210D950FD90E9300DFAC6F /* Icon-Settings.png in Resources */ = {isa = PBXBuildFile; fileRef = E0210D8D0FD90E9300DFAC6F /* Icon-Settings.png */; };
		E0210D960FD90E9300DFAC6F /* Icon.png in Resources */ = {isa = PBXBuildFile; fileRef = E0210D8E0FD90E9300DFAC6F /* Icon.png */; };
		E0210D9E0FD90EC800DFAC6F /* CDXAppDelegate.m in Sources */ = {isa = PBXBuildFile; fileRef = E0210D9D0FD90EC800DFAC6F /* CDXAppDelegate.m */; };
		E0210E3C0FD9157600DFAC6F /* CDXCardDeckViewController.m in Sources */ = {isa = PBXBuildFile; fileRef = E0210E3B0FD9157600DFAC6F /* CDXCardDeckViewController.m */; };
		E0210E3E0FD9161500DFAC6F /* CDXCardDeckView.xib in Resources */ = {isa = PBXBuildFile; fileRef = E0210E3D0FD9161500DFAC6F /* CDXCardDeckView.xib */; };
		E03F391D0FFBE0BC003AA79C /* CDXInfoViewController.m in Sources */ = {isa = PBXBuildFile; fileRef = E03F391C0FFBE0BC003AA79C /* CDXInfoViewController.m */; };
		E03F39200FFBE14B003AA79C /* CDXInfoView.xib in Resources */ = {isa = PBXBuildFile; fileRef = E03F391F0FFBE14B003AA79C /* CDXInfoView.xib */; };
		E03F39F90FFBE787003AA79C /* CDXInfoOverviewViewTableCell.m in Sources */ = {isa = PBXBuildFile; fileRef = E03F39F70FFBE787003AA79C /* CDXInfoOverviewViewTableCell.m */; };
		E03F39FA0FFBE787003AA79C /* CDXInfoOverviewViewTableCell.xib in Resources */ = {isa = PBXBuildFile; fileRef = E03F39F80FFBE787003AA79C /* CDXInfoOverviewViewTableCell.xib */; };
		E03F3A7F0FFBEE71003AA79C /* CDXInfoHTMLView.xib in Resources */ = {isa = PBXBuildFile; fileRef = E03F3A7E0FFBEE71003AA79C /* CDXInfoHTMLView.xib */; };
		E03F3A830FFBEEB4003AA79C /* CDXInfoHTMLViewController.m in Sources */ = {isa = PBXBuildFile; fileRef = E03F3A820FFBEEB4003AA79C /* CDXInfoHTMLViewController.m */; };
		E03F3AD20FFBF1B9003AA79C /* License.html in Resources */ = {isa = PBXBuildFile; fileRef = E03F3AD10FFBF1B9003AA79C /* License.html */; };
		E03F3C090FFC0680003AA79C /* 15-0.CardDeck.plist in Resources */ = {isa = PBXBuildFile; fileRef = E03F3C080FFC0680003AA79C /* 15-0.CardDeck.plist */; };
		E041C8050FD91F14000C14A4 /* CDXCardView.xib in Resources */ = {isa = PBXBuildFile; fileRef = E041C8040FD91F14000C14A4 /* CDXCardView.xib */; };
		E041C8090FD91F4E000C14A4 /* CDXCardViewController.m in Sources */ = {isa = PBXBuildFile; fileRef = E041C8080FD91F4E000C14A4 /* CDXCardViewController.m */; };
		E04A338A0FD94D47005D524E /* CDXCardDeck.m in Sources */ = {isa = PBXBuildFile; fileRef = E04A33890FD94D47005D524E /* CDXCardDeck.m */; };
		E04A33E50FD954C9005D524E /* CDXCard.m in Sources */ = {isa = PBXBuildFile; fileRef = E04A33E40FD954C9005D524E /* CDXCard.m */; };
		E051A3170FFC0CD200AC32F8 /* lcl.m in Sources */ = {isa = PBXBuildFile; fileRef = E0210DDC0FD9121B00DFAC6F /* lcl.m */; };
		E0557D4E0FEE3182008782D0 /* World.png in Resources */ = {isa = PBXBuildFile; fileRef = E0557D4D0FEE3182008782D0 /* World.png */; };
		E0557D700FEE3486008782D0 /* Transparent.png in Resources */ = {isa = PBXBuildFile; fileRef = E0557D6F0FEE3486008782D0 /* Transparent.png */; };
		E05851E90FDEEF1800388DC2 /* CDXCardDeckEditView.xib in Resources */ = {isa = PBXBuildFile; fileRef = E05851E80FDEEF1800388DC2 /* CDXCardDeckEditView.xib */; };
		E058521A0FDEF3B600388DC2 /* CDXCardDeckEditViewController.m in Sources */ = {isa = PBXBuildFile; fileRef = E05852190FDEF3B600388DC2 /* CDXCardDeckEditViewController.m */; };
		E05852990FDEF8B000388DC2 /* CDXCardDeckListViewTableCell.m in Sources */ = {isa = PBXBuildFile; fileRef = E05852970FDEF8B000388DC2 /* CDXCardDeckListViewTableCell.m */; };
		E058529A0FDEF8B000388DC2 /* CDXCardDeckListViewTableCell.xib in Resources */ = {isa = PBXBuildFile; fileRef = E05852980FDEF8B000388DC2 /* CDXCardDeckListViewTableCell.xib */; };
		E058529E0FDEF8F000388DC2 /* CDXCardDeckEditViewTableCell.m in Sources */ = {isa = PBXBuildFile; fileRef = E058529C0FDEF8F000388DC2 /* CDXCardDeckEditViewTableCell.m */; };
		E058529F0FDEF8F000388DC2 /* CDXCardDeckEditViewTableCell.xib in Resources */ = {isa = PBXBuildFile; fileRef = E058529D0FDEF8F000388DC2 /* CDXCardDeckEditViewTableCell.xib */; };
		E05A7C5D0FFB32E40058DC1A /* CDXInfoOverviewViewController.m in Sources */ = {isa = PBXBuildFile; fileRef = E05A7C5C0FFB32E40058DC1A /* CDXInfoOverviewViewController.m */; };
		E05A7C5F0FFB32EF0058DC1A /* CDXInfoOverviewView.xib in Resources */ = {isa = PBXBuildFile; fileRef = E05A7C5E0FFB32EF0058DC1A /* CDXInfoOverviewView.xib */; };
		E05A7C630FFB348D0058DC1A /* Logo-Prerendered.png in Resources */ = {isa = PBXBuildFile; fileRef = E05A7C620FFB348D0058DC1A /* Logo-Prerendered.png */; };
		E05B5266109622AC00E045A7 /* CDXSettingsViewController.m in Sources */ = {isa = PBXBuildFile; fileRef = E05B5265109622AC00E045A7 /* CDXSettingsViewController.m */; };
		E05B52731096252200E045A7 /* CDXSettingsViewTableCell.m in Sources */ = {isa = PBXBuildFile; fileRef = E05B52721096252200E045A7 /* CDXSettingsViewTableCell.m */; };
		E05B52751096253200E045A7 /* CDXSettingsViewTableCell.xib in Resources */ = {isa = PBXBuildFile; fileRef = E05B52741096253200E045A7 /* CDXSettingsViewTableCell.xib */; };
		E0682DBD0FDAFCF100AA06C9 /* 0-10.CardDeck.plist in Resources */ = {isa = PBXBuildFile; fileRef = E0682DBC0FDAFCF100AA06C9 /* 0-10.CardDeck.plist */; };
		E078F488108E3E1E0001F654 /* KeyboardExtensionsBackground.png in Resources */ = {isa = PBXBuildFile; fileRef = E078F487108E3E1E0001F654 /* KeyboardExtensionsBackground.png */; };
		E078F6A5108E56740001F654 /* TableBackground.png in Resources */ = {isa = PBXBuildFile; fileRef = E078F6A4108E56740001F654 /* TableBackground.png */; };
		E08485330FDAC2BF00F2864D /* CDXCardDeckList.m in Sources */ = {isa = PBXBuildFile; fileRef = E08485320FDAC2BF00F2864D /* CDXCardDeckList.m */; };
		E08485390FDAC4B700F2864D /* Main.CardDecksList.plist in Resources */ = {isa = PBXBuildFile; fileRef = E08485380FDAC4B700F2864D /* Main.CardDecksList.plist */; };
		E08B12150FED5089002B6A50 /* 60-0.CardDeck.plist in Resources */ = {isa = PBXBuildFile; fileRef = E08B12140FED5089002B6A50 /* 60-0.CardDeck.plist */; };
		E098E1EC0FDF0B8A006BBFD5 /* CDXCardEditView.xib in Resources */ = {isa = PBXBuildFile; fileRef = E098E1EB0FDF0B8A006BBFD5 /* CDXCardEditView.xib */; };
		E098E1F00FDF0BF6006BBFD5 /* CDXCardEditViewController.m in Sources */ = {isa = PBXBuildFile; fileRef = E098E1EF0FDF0BF6006BBFD5 /* CDXCardEditViewController.m */; };
		E0A3C63E0FDACA0900F27B84 /* RedYellowGreen.CardDeck.plist in Resources */ = {isa = PBXBuildFile; fileRef = E0A3C63D0FDACA0900F27B84 /* RedYellowGreen.CardDeck.plist */; };
		E0AA86BE0FDC0BB600451CC5 /* YesNoPerhaps.CardDeck.plist in Resources */ = {isa = PBXBuildFile; fileRef = E0AA86BD0FDC0BB600451CC5 /* YesNoPerhaps.CardDeck.plist */; };
		E0AA88110FDC1DB200451CC5 /* CDXStorage.m in Sources */ = {isa = PBXBuildFile; fileRef = E0AA88100FDC1DB200451CC5 /* CDXStorage.m */; };
		E0AA893A0FDC3E6200451CC5 /* New.CardDeck.plist in Resources */ = {isa = PBXBuildFile; fileRef = E0AA89390FDC3E6200451CC5 /* New.CardDeck.plist */; };
		E0AC025B0FECECEE007F8CD0 /* Mail.png in Resources */ = {isa = PBXBuildFile; fileRef = E0AC025A0FECECEE007F8CD0 /* Mail.png */; };
		E0B47B430FF7FA0B004BA1A4 /* CDXTextRenderingContext.m in Sources */ = {isa = PBXBuildFile; fileRef = E0B47B420FF7FA0B004BA1A4 /* CDXTextRenderingContext.m */; };
		E0B5F7101089F2B300619C6E /* CDXColorKeyboardExtension.m in Sources */ = {isa = PBXBuildFile; fileRef = E0B5F70F1089F2B300619C6E /* CDXColorKeyboardExtension.m */; };
		E0B5F782108A02C500619C6E /* CDXColorKeyboardExtensionView.xib in Resources */ = {isa = PBXBuildFile; fileRef = E0B5F781108A02C500619C6E /* CDXColorKeyboardExtensionView.xib */; };
		E0B5F7EC108A0B3C00619C6E /* CDXColorKeyboardExtensionViewController.m in Sources */ = {isa = PBXBuildFile; fileRef = E0B5F7EB108A0B3C00619C6E /* CDXColorKeyboardExtensionViewController.m */; };
		E0B5FA35108B156000619C6E /* CDXSymbolsKeyboardExtension.m in Sources */ = {isa = PBXBuildFile; fileRef = E0B5FA34108B156000619C6E /* CDXSymbolsKeyboardExtension.m */; };
		E0B5FA38108B156D00619C6E /* CDXLayoutKeyboardExtension.m in Sources */ = {isa = PBXBuildFile; fileRef = E0B5FA37108B156D00619C6E /* CDXLayoutKeyboardExtension.m */; };
		E0B5FA5B108B180900619C6E /* CDXSymbolsKeyboardExtensionViewController.m in Sources */ = {isa = PBXBuildFile; fileRef = E0B5FA5A108B180900619C6E /* CDXSymbolsKeyboardExtensionViewController.m */; };
		E0B5FA5D108B189500619C6E /* CDXSymbolsKeyboardExtensionView.xib in Resources */ = {isa = PBXBuildFile; fileRef = E0B5FA5C108B189500619C6E /* CDXSymbolsKeyboardExtensionView.xib */; };
		E0B5FA9F108B19CF00619C6E /* CDXLayoutKeyboardExtensionView.xib in Resources */ = {isa = PBXBuildFile; fileRef = E0B5FA9C108B19CF00619C6E /* CDXLayoutKeyboardExtensionView.xib */; };
		E0B5FAA0108B19CF00619C6E /* CDXLayoutKeyboardExtensionViewController.m in Sources */ = {isa = PBXBuildFile; fileRef = E0B5FA9E108B19CF00619C6E /* CDXLayoutKeyboardExtensionViewController.m */; };
		E0B5FAEE108B1D0C00619C6E /* CDXSymbolsKeyboardExtensionBlocks.m in Sources */ = {isa = PBXBuildFile; fileRef = E0B5FAED108B1D0C00619C6E /* CDXSymbolsKeyboardExtensionBlocks.m */; };
		E0B5FB44108B21CB00619C6E /* CDXSymbolsKeyboardExtensionTableViewController.m in Sources */ = {isa = PBXBuildFile; fileRef = E0B5FB43108B21CB00619C6E /* CDXSymbolsKeyboardExtensionTableViewController.m */; };
		E0B5FB46108B21DF00619C6E /* CDXSymbolsKeyboardExtensionTableView.xib in Resources */ = {isa = PBXBuildFile; fileRef = E0B5FB45108B21DF00619C6E /* CDXSymbolsKeyboardExtensionTableView.xib */; };
		E0B5FB70108B23A100619C6E /* CDXSymbolsKeyboardExtensionTableViewCellA.m in Sources */ = {isa = PBXBuildFile; fileRef = E0B5FB6E108B23A100619C6E /* CDXSymbolsKeyboardExtensionTableViewCellA.m */; };
		E0B5FB71108B23A100619C6E /* CDXSymbolsKeyboardExtensionTableViewCellA.xib in Resources */ = {isa = PBXBuildFile; fileRef = E0B5FB6F108B23A100619C6E /* CDXSymbolsKeyboardExtensionTableViewCellA.xib */; };
		E0B5FC6C108B350000619C6E /* CDXSymbolsKeyboardExtensionTableViewCellB.m in Sources */ = {isa = PBXBuildFile; fileRef = E0B5FC6A108B350000619C6E /* CDXSymbolsKeyboardExtensionTableViewCellB.m */; };
		E0B5FC6D108B350000619C6E /* CDXSymbolsKeyboardExtensionTableViewCellB.xib in Resources */ = {isa = PBXBuildFile; fileRef = E0B5FC6B108B350000619C6E /* CDXSymbolsKeyboardExtensionTableViewCellB.xib */; };
		E0C8D1340FDAAC9000A07C80 /* CDXCardDeckListViewController.m in Sources */ = {isa = PBXBuildFile; fileRef = E0C8D1330FDAAC9000A07C80 /* CDXCardDeckListViewController.m */; };
		E0C8D1370FDAAD2300A07C80 /* CDXCardDeckListView.xib in Resources */ = {isa = PBXBuildFile; fileRef = E0C8D1360FDAAD2300A07C80 /* CDXCardDeckListView.xib */; };
		E0E241621087B2B2008444E8 /* Settings.bundle in Resources */ = {isa = PBXBuildFile; fileRef = E0E241611087B2B2008444E8 /* Settings.bundle */; };
		E0E241B71087B9C9008444E8 /* CDXSettings.m in Sources */ = {isa = PBXBuildFile; fileRef = E0E241B61087B9C9008444E8 /* CDXSettings.m */; };
		E0E2431C1088EE32008444E8 /* CDXKeyboardExtensions.m in Sources */ = {isa = PBXBuildFile; fileRef = E0E2431B1088EE32008444E8 /* CDXKeyboardExtensions.m */; };
		E0ED743E0FE0562000D448A5 /* CDXColor.m in Sources */ = {isa = PBXBuildFile; fileRef = E0ED743D0FE0562000D448A5 /* CDXColor.m */; };
		E0EF1F3210DABD6A00BE1503 /* CDXSettingsView.xib in Resources */ = {isa = PBXBuildFile; fileRef = E0EF1F3110DABD6A00BE1503 /* CDXSettingsView.xib */; };
/* End PBXBuildFile section */

/* Begin PBXFileReference section */
		1D30AB110D05D00D00671497 /* Foundation.framework */ = {isa = PBXFileReference; lastKnownFileType = wrapper.framework; name = Foundation.framework; path = System/Library/Frameworks/Foundation.framework; sourceTree = SDKROOT; };
		1D6058910D05DD3D006BFB54 /* CardDecks.app */ = {isa = PBXFileReference; explicitFileType = wrapper.application; includeInIndex = 0; path = CardDecks.app; sourceTree = BUILT_PRODUCTS_DIR; };
		1DF5F4DF0D08C38300B7A737 /* UIKit.framework */ = {isa = PBXFileReference; lastKnownFileType = wrapper.framework; name = UIKit.framework; path = System/Library/Frameworks/UIKit.framework; sourceTree = SDKROOT; };
		288765FC0DF74451002DB57D /* CoreGraphics.framework */ = {isa = PBXFileReference; lastKnownFileType = wrapper.framework; name = CoreGraphics.framework; path = System/Library/Frameworks/CoreGraphics.framework; sourceTree = SDKROOT; };
		8D1107310486CEB800E47090 /* Info.plist */ = {isa = PBXFileReference; fileEncoding = 4; lastKnownFileType = text.plist.xml; path = Info.plist; sourceTree = "<group>"; };
		E0015C2E0FEBEB7C005F3693 /* iTunesArtwork */ = {isa = PBXFileReference; lastKnownFileType = text; name = iTunesArtwork; path = Images/iTunesArtwork; sourceTree = "<group>"; };
		E001ED79101C5ACD00F98B0E /* CDXApplicationVersion.h */ = {isa = PBXFileReference; fileEncoding = 4; lastKnownFileType = sourcecode.c.h; path = CDXApplicationVersion.h; sourceTree = "<group>"; };
		E0036F241091F74300972E05 /* CDXCardOrientation.h */ = {isa = PBXFileReference; fileEncoding = 4; lastKnownFileType = sourcecode.c.h; name = CDXCardOrientation.h; path = Card/CDXCardOrientation.h; sourceTree = "<group>"; };
		E0036F251091F74300972E05 /* CDXCardOrientation.m */ = {isa = PBXFileReference; fileEncoding = 4; lastKnownFileType = sourcecode.c.objc; name = CDXCardOrientation.m; path = Card/CDXCardOrientation.m; sourceTree = "<group>"; };
		E01A8849101C90A40036C2D5 /* CDXLogging.h */ = {isa = PBXFileReference; fileEncoding = 4; lastKnownFileType = sourcecode.c.h; name = CDXLogging.h; path = Logging/CDXLogging.h; sourceTree = "<group>"; };
		E0210D870FD90D7900DFAC6F /* main.m */ = {isa = PBXFileReference; fileEncoding = 4; lastKnownFileType = sourcecode.c.objc; name = main.m; path = Main/main.m; sourceTree = "<group>"; };
		E0210D890FD90DA300DFAC6F /* MainWindow.xib */ = {isa = PBXFileReference; lastKnownFileType = file.xib; name = MainWindow.xib; path = Main/MainWindow.xib; sourceTree = "<group>"; };
		E0210D8D0FD90E9300DFAC6F /* Icon-Settings.png */ = {isa = PBXFileReference; lastKnownFileType = image.png; name = "Icon-Settings.png"; path = "Images/Icon-Settings.png"; sourceTree = "<group>"; };
		E0210D8E0FD90E9300DFAC6F /* Icon.png */ = {isa = PBXFileReference; lastKnownFileType = image.png; name = Icon.png; path = Images/Icon.png; sourceTree = "<group>"; };
		E0210D9C0FD90EC000DFAC6F /* CDXAppDelegate.h */ = {isa = PBXFileReference; fileEncoding = 4; lastKnownFileType = sourcecode.c.h; name = CDXAppDelegate.h; path = AppDelegate/CDXAppDelegate.h; sourceTree = "<group>"; };
		E0210D9D0FD90EC800DFAC6F /* CDXAppDelegate.m */ = {isa = PBXFileReference; fileEncoding = 4; lastKnownFileType = sourcecode.c.objc; name = CDXAppDelegate.m; path = AppDelegate/CDXAppDelegate.m; sourceTree = "<group>"; };
		E0210DDB0FD9121B00DFAC6F /* lcl.h */ = {isa = PBXFileReference; fileEncoding = 4; lastKnownFileType = sourcecode.c.h; name = lcl.h; path = Logging/lcl.h; sourceTree = "<group>"; };
		E0210DDC0FD9121B00DFAC6F /* lcl.m */ = {isa = PBXFileReference; fileEncoding = 4; lastKnownFileType = sourcecode.c.objc; name = lcl.m; path = Logging/lcl.m; sourceTree = "<group>"; };
		E0210DDD0FD9121B00DFAC6F /* lcl_config_components.h */ = {isa = PBXFileReference; fileEncoding = 4; lastKnownFileType = sourcecode.c.h; name = lcl_config_components.h; path = Logging/lcl_config_components.h; sourceTree = "<group>"; };
		E0210DDF0FD9121B00DFAC6F /* lcl_config_logger.h */ = {isa = PBXFileReference; fileEncoding = 4; lastKnownFileType = sourcecode.c.h; name = lcl_config_logger.h; path = Logging/lcl_config_logger.h; sourceTree = "<group>"; };
		E0210DFE0FD9131E00DFAC6F /* CDX.pch */ = {isa = PBXFileReference; fileEncoding = 4; lastKnownFileType = sourcecode.c.h; path = CDX.pch; sourceTree = "<group>"; };
		E0210E3A0FD9157600DFAC6F /* CDXCardDeckViewController.h */ = {isa = PBXFileReference; fileEncoding = 4; lastKnownFileType = sourcecode.c.h; name = CDXCardDeckViewController.h; path = CardDeckView/CDXCardDeckViewController.h; sourceTree = "<group>"; };
		E0210E3B0FD9157600DFAC6F /* CDXCardDeckViewController.m */ = {isa = PBXFileReference; fileEncoding = 4; lastKnownFileType = sourcecode.c.objc; name = CDXCardDeckViewController.m; path = CardDeckView/CDXCardDeckViewController.m; sourceTree = "<group>"; };
		E0210E3D0FD9161500DFAC6F /* CDXCardDeckView.xib */ = {isa = PBXFileReference; lastKnownFileType = file.xib; name = CDXCardDeckView.xib; path = CardDeckView/CDXCardDeckView.xib; sourceTree = "<group>"; };
		E03F391B0FFBE0BC003AA79C /* CDXInfoViewController.h */ = {isa = PBXFileReference; fileEncoding = 4; lastKnownFileType = sourcecode.c.h; name = CDXInfoViewController.h; path = InfoView/CDXInfoViewController.h; sourceTree = "<group>"; };
		E03F391C0FFBE0BC003AA79C /* CDXInfoViewController.m */ = {isa = PBXFileReference; fileEncoding = 4; lastKnownFileType = sourcecode.c.objc; name = CDXInfoViewController.m; path = InfoView/CDXInfoViewController.m; sourceTree = "<group>"; };
		E03F391F0FFBE14B003AA79C /* CDXInfoView.xib */ = {isa = PBXFileReference; lastKnownFileType = file.xib; name = CDXInfoView.xib; path = InfoView/CDXInfoView.xib; sourceTree = "<group>"; };
		E03F39F60FFBE787003AA79C /* CDXInfoOverviewViewTableCell.h */ = {isa = PBXFileReference; fileEncoding = 4; lastKnownFileType = sourcecode.c.h; name = CDXInfoOverviewViewTableCell.h; path = InfoView/CDXInfoOverviewViewTableCell.h; sourceTree = "<group>"; };
		E03F39F70FFBE787003AA79C /* CDXInfoOverviewViewTableCell.m */ = {isa = PBXFileReference; fileEncoding = 4; lastKnownFileType = sourcecode.c.objc; name = CDXInfoOverviewViewTableCell.m; path = InfoView/CDXInfoOverviewViewTableCell.m; sourceTree = "<group>"; };
		E03F39F80FFBE787003AA79C /* CDXInfoOverviewViewTableCell.xib */ = {isa = PBXFileReference; lastKnownFileType = file.xib; name = CDXInfoOverviewViewTableCell.xib; path = InfoView/CDXInfoOverviewViewTableCell.xib; sourceTree = "<group>"; };
		E03F3A7E0FFBEE71003AA79C /* CDXInfoHTMLView.xib */ = {isa = PBXFileReference; lastKnownFileType = file.xib; name = CDXInfoHTMLView.xib; path = InfoView/CDXInfoHTMLView.xib; sourceTree = "<group>"; };
		E03F3A810FFBEEAE003AA79C /* CDXInfoHTMLViewController.h */ = {isa = PBXFileReference; fileEncoding = 4; lastKnownFileType = sourcecode.c.h; name = CDXInfoHTMLViewController.h; path = InfoView/CDXInfoHTMLViewController.h; sourceTree = "<group>"; };
		E03F3A820FFBEEB4003AA79C /* CDXInfoHTMLViewController.m */ = {isa = PBXFileReference; fileEncoding = 4; lastKnownFileType = sourcecode.c.objc; name = CDXInfoHTMLViewController.m; path = InfoView/CDXInfoHTMLViewController.m; sourceTree = "<group>"; };
		E03F3AD10FFBF1B9003AA79C /* License.html */ = {isa = PBXFileReference; fileEncoding = 4; lastKnownFileType = text.html; name = License.html; path = InfoView/License.html; sourceTree = "<group>"; };
		E03F3C080FFC0680003AA79C /* 15-0.CardDeck.plist */ = {isa = PBXFileReference; explicitFileType = text; fileEncoding = 4; name = "15-0.CardDeck.plist"; path = "Templates/15-0.CardDeck.plist"; sourceTree = "<group>"; };
		E041C8040FD91F14000C14A4 /* CDXCardView.xib */ = {isa = PBXFileReference; lastKnownFileType = file.xib; name = CDXCardView.xib; path = CardView/CDXCardView.xib; sourceTree = "<group>"; };
		E041C8070FD91F43000C14A4 /* CDXCardViewController.h */ = {isa = PBXFileReference; fileEncoding = 4; lastKnownFileType = sourcecode.c.h; name = CDXCardViewController.h; path = CardView/CDXCardViewController.h; sourceTree = "<group>"; };
		E041C8080FD91F4E000C14A4 /* CDXCardViewController.m */ = {isa = PBXFileReference; fileEncoding = 4; lastKnownFileType = sourcecode.c.objc; name = CDXCardViewController.m; path = CardView/CDXCardViewController.m; sourceTree = "<group>"; };
		E04A33850FD936FC005D524E /* CDXCardDeck.h */ = {isa = PBXFileReference; fileEncoding = 4; lastKnownFileType = sourcecode.c.h; name = CDXCardDeck.h; path = CardDeck/CDXCardDeck.h; sourceTree = "<group>"; };
		E04A33890FD94D47005D524E /* CDXCardDeck.m */ = {isa = PBXFileReference; fileEncoding = 4; lastKnownFileType = sourcecode.c.objc; name = CDXCardDeck.m; path = CardDeck/CDXCardDeck.m; sourceTree = "<group>"; };
		E04A33E20FD9549A005D524E /* CDXCard.h */ = {isa = PBXFileReference; fileEncoding = 4; lastKnownFileType = sourcecode.c.h; name = CDXCard.h; path = Card/CDXCard.h; sourceTree = "<group>"; };
		E04A33E40FD954C9005D524E /* CDXCard.m */ = {isa = PBXFileReference; fileEncoding = 4; lastKnownFileType = sourcecode.c.objc; name = CDXCard.m; path = Card/CDXCard.m; sourceTree = "<group>"; };
		E0557D4D0FEE3182008782D0 /* World.png */ = {isa = PBXFileReference; lastKnownFileType = image.png; name = World.png; path = Images/World.png; sourceTree = "<group>"; };
		E0557D6F0FEE3486008782D0 /* Transparent.png */ = {isa = PBXFileReference; lastKnownFileType = image.png; name = Transparent.png; path = Images/Transparent.png; sourceTree = "<group>"; };
		E05851E80FDEEF1800388DC2 /* CDXCardDeckEditView.xib */ = {isa = PBXFileReference; lastKnownFileType = file.xib; name = CDXCardDeckEditView.xib; path = CardDeckEditView/CDXCardDeckEditView.xib; sourceTree = "<group>"; };
		E058520A0FDEF30D00388DC2 /* CDXCardDeckEditViewController.h */ = {isa = PBXFileReference; fileEncoding = 4; lastKnownFileType = sourcecode.c.h; name = CDXCardDeckEditViewController.h; path = CardDeckEditView/CDXCardDeckEditViewController.h; sourceTree = "<group>"; };
		E05852190FDEF3B600388DC2 /* CDXCardDeckEditViewController.m */ = {isa = PBXFileReference; fileEncoding = 4; lastKnownFileType = sourcecode.c.objc; name = CDXCardDeckEditViewController.m; path = CardDeckEditView/CDXCardDeckEditViewController.m; sourceTree = "<group>"; };
		E05852960FDEF8B000388DC2 /* CDXCardDeckListViewTableCell.h */ = {isa = PBXFileReference; fileEncoding = 4; lastKnownFileType = sourcecode.c.h; name = CDXCardDeckListViewTableCell.h; path = CardDeckListView/CDXCardDeckListViewTableCell.h; sourceTree = "<group>"; };
		E05852970FDEF8B000388DC2 /* CDXCardDeckListViewTableCell.m */ = {isa = PBXFileReference; fileEncoding = 4; lastKnownFileType = sourcecode.c.objc; name = CDXCardDeckListViewTableCell.m; path = CardDeckListView/CDXCardDeckListViewTableCell.m; sourceTree = "<group>"; };
		E05852980FDEF8B000388DC2 /* CDXCardDeckListViewTableCell.xib */ = {isa = PBXFileReference; lastKnownFileType = file.xib; name = CDXCardDeckListViewTableCell.xib; path = CardDeckListView/CDXCardDeckListViewTableCell.xib; sourceTree = "<group>"; };
		E058529B0FDEF8F000388DC2 /* CDXCardDeckEditViewTableCell.h */ = {isa = PBXFileReference; fileEncoding = 4; lastKnownFileType = sourcecode.c.h; name = CDXCardDeckEditViewTableCell.h; path = CardDeckEditView/CDXCardDeckEditViewTableCell.h; sourceTree = "<group>"; };
		E058529C0FDEF8F000388DC2 /* CDXCardDeckEditViewTableCell.m */ = {isa = PBXFileReference; fileEncoding = 4; lastKnownFileType = sourcecode.c.objc; name = CDXCardDeckEditViewTableCell.m; path = CardDeckEditView/CDXCardDeckEditViewTableCell.m; sourceTree = "<group>"; };
		E058529D0FDEF8F000388DC2 /* CDXCardDeckEditViewTableCell.xib */ = {isa = PBXFileReference; lastKnownFileType = file.xib; name = CDXCardDeckEditViewTableCell.xib; path = CardDeckEditView/CDXCardDeckEditViewTableCell.xib; sourceTree = "<group>"; };
		E05A7C5B0FFB32D90058DC1A /* CDXInfoOverviewViewController.h */ = {isa = PBXFileReference; fileEncoding = 4; lastKnownFileType = sourcecode.c.h; name = CDXInfoOverviewViewController.h; path = InfoView/CDXInfoOverviewViewController.h; sourceTree = "<group>"; };
		E05A7C5C0FFB32E40058DC1A /* CDXInfoOverviewViewController.m */ = {isa = PBXFileReference; fileEncoding = 4; lastKnownFileType = sourcecode.c.objc; name = CDXInfoOverviewViewController.m; path = InfoView/CDXInfoOverviewViewController.m; sourceTree = "<group>"; };
		E05A7C5E0FFB32EF0058DC1A /* CDXInfoOverviewView.xib */ = {isa = PBXFileReference; lastKnownFileType = file.xib; name = CDXInfoOverviewView.xib; path = InfoView/CDXInfoOverviewView.xib; sourceTree = "<group>"; };
		E05A7C620FFB348D0058DC1A /* Logo-Prerendered.png */ = {isa = PBXFileReference; lastKnownFileType = image.png; name = "Logo-Prerendered.png"; path = "Images/Logo-Prerendered.png"; sourceTree = "<group>"; };
		E05B5264109622AC00E045A7 /* CDXSettingsViewController.h */ = {isa = PBXFileReference; fileEncoding = 4; lastKnownFileType = sourcecode.c.h; name = CDXSettingsViewController.h; path = SettingsView/CDXSettingsViewController.h; sourceTree = "<group>"; };
		E05B5265109622AC00E045A7 /* CDXSettingsViewController.m */ = {isa = PBXFileReference; fileEncoding = 4; lastKnownFileType = sourcecode.c.objc; name = CDXSettingsViewController.m; path = SettingsView/CDXSettingsViewController.m; sourceTree = "<group>"; };
		E05B52711096252200E045A7 /* CDXSettingsViewTableCell.h */ = {isa = PBXFileReference; fileEncoding = 4; lastKnownFileType = sourcecode.c.h; name = CDXSettingsViewTableCell.h; path = SettingsView/CDXSettingsViewTableCell.h; sourceTree = "<group>"; };
		E05B52721096252200E045A7 /* CDXSettingsViewTableCell.m */ = {isa = PBXFileReference; fileEncoding = 4; lastKnownFileType = sourcecode.c.objc; name = CDXSettingsViewTableCell.m; path = SettingsView/CDXSettingsViewTableCell.m; sourceTree = "<group>"; };
		E05B52741096253200E045A7 /* CDXSettingsViewTableCell.xib */ = {isa = PBXFileReference; lastKnownFileType = file.xib; name = CDXSettingsViewTableCell.xib; path = SettingsView/CDXSettingsViewTableCell.xib; sourceTree = "<group>"; };
		E0682DBC0FDAFCF100AA06C9 /* 0-10.CardDeck.plist */ = {isa = PBXFileReference; explicitFileType = text; fileEncoding = 4; name = "0-10.CardDeck.plist"; path = "Templates/0-10.CardDeck.plist"; sourceTree = "<group>"; };
		E078F487108E3E1E0001F654 /* KeyboardExtensionsBackground.png */ = {isa = PBXFileReference; lastKnownFileType = image.png; name = KeyboardExtensionsBackground.png; path = Images/KeyboardExtensionsBackground.png; sourceTree = "<group>"; };
		E078F6A4108E56740001F654 /* TableBackground.png */ = {isa = PBXFileReference; lastKnownFileType = image.png; name = TableBackground.png; path = Images/TableBackground.png; sourceTree = "<group>"; };
		E08485310FDAC2B500F2864D /* CDXCardDeckList.h */ = {isa = PBXFileReference; fileEncoding = 4; lastKnownFileType = sourcecode.c.h; name = CDXCardDeckList.h; path = CardDeckList/CDXCardDeckList.h; sourceTree = "<group>"; };
		E08485320FDAC2BF00F2864D /* CDXCardDeckList.m */ = {isa = PBXFileReference; fileEncoding = 4; lastKnownFileType = sourcecode.c.objc; name = CDXCardDeckList.m; path = CardDeckList/CDXCardDeckList.m; sourceTree = "<group>"; };
		E08485380FDAC4B700F2864D /* Main.CardDecksList.plist */ = {isa = PBXFileReference; explicitFileType = text; fileEncoding = 4; name = Main.CardDecksList.plist; path = Templates/Main.CardDecksList.plist; sourceTree = "<group>"; };
		E08B12140FED5089002B6A50 /* 60-0.CardDeck.plist */ = {isa = PBXFileReference; explicitFileType = text; fileEncoding = 4; name = "60-0.CardDeck.plist"; path = "Templates/60-0.CardDeck.plist"; sourceTree = "<group>"; };
		E098E1EB0FDF0B8A006BBFD5 /* CDXCardEditView.xib */ = {isa = PBXFileReference; lastKnownFileType = file.xib; name = CDXCardEditView.xib; path = CardEditView/CDXCardEditView.xib; sourceTree = "<group>"; };
		E098E1EE0FDF0BE5006BBFD5 /* CDXCardEditViewController.h */ = {isa = PBXFileReference; fileEncoding = 4; lastKnownFileType = sourcecode.c.h; name = CDXCardEditViewController.h; path = CardEditView/CDXCardEditViewController.h; sourceTree = "<group>"; };
		E098E1EF0FDF0BF6006BBFD5 /* CDXCardEditViewController.m */ = {isa = PBXFileReference; fileEncoding = 4; lastKnownFileType = sourcecode.c.objc; name = CDXCardEditViewController.m; path = CardEditView/CDXCardEditViewController.m; sourceTree = "<group>"; };
		E0A3C63D0FDACA0900F27B84 /* RedYellowGreen.CardDeck.plist */ = {isa = PBXFileReference; explicitFileType = text; fileEncoding = 4; name = RedYellowGreen.CardDeck.plist; path = Templates/RedYellowGreen.CardDeck.plist; sourceTree = "<group>"; };
		E0AA86BD0FDC0BB600451CC5 /* YesNoPerhaps.CardDeck.plist */ = {isa = PBXFileReference; explicitFileType = text; fileEncoding = 4; name = YesNoPerhaps.CardDeck.plist; path = Templates/YesNoPerhaps.CardDeck.plist; sourceTree = "<group>"; };
		E0AA880F0FDC1DAC00451CC5 /* CDXStorage.h */ = {isa = PBXFileReference; fileEncoding = 4; lastKnownFileType = sourcecode.c.h; name = CDXStorage.h; path = Storage/CDXStorage.h; sourceTree = "<group>"; };
		E0AA88100FDC1DB200451CC5 /* CDXStorage.m */ = {isa = PBXFileReference; fileEncoding = 4; lastKnownFileType = sourcecode.c.objc; name = CDXStorage.m; path = Storage/CDXStorage.m; sourceTree = "<group>"; };
		E0AA89390FDC3E6200451CC5 /* New.CardDeck.plist */ = {isa = PBXFileReference; explicitFileType = text; fileEncoding = 4; name = New.CardDeck.plist; path = Templates/New.CardDeck.plist; sourceTree = "<group>"; };
		E0AC025A0FECECEE007F8CD0 /* Mail.png */ = {isa = PBXFileReference; lastKnownFileType = image.png; name = Mail.png; path = Images/Mail.png; sourceTree = "<group>"; };
		E0B47B410FF7FA02004BA1A4 /* CDXTextRenderingContext.h */ = {isa = PBXFileReference; fileEncoding = 4; lastKnownFileType = sourcecode.c.h; name = CDXTextRenderingContext.h; path = Rendering/CDXTextRenderingContext.h; sourceTree = "<group>"; };
		E0B47B420FF7FA0B004BA1A4 /* CDXTextRenderingContext.m */ = {isa = PBXFileReference; fileEncoding = 4; lastKnownFileType = sourcecode.c.objc; name = CDXTextRenderingContext.m; path = Rendering/CDXTextRenderingContext.m; sourceTree = "<group>"; };
		E0B5F70E1089F2B300619C6E /* CDXColorKeyboardExtension.h */ = {isa = PBXFileReference; fileEncoding = 4; lastKnownFileType = sourcecode.c.h; name = CDXColorKeyboardExtension.h; path = ColorKeyboardExtension/CDXColorKeyboardExtension.h; sourceTree = "<group>"; };
		E0B5F70F1089F2B300619C6E /* CDXColorKeyboardExtension.m */ = {isa = PBXFileReference; fileEncoding = 4; lastKnownFileType = sourcecode.c.objc; name = CDXColorKeyboardExtension.m; path = ColorKeyboardExtension/CDXColorKeyboardExtension.m; sourceTree = "<group>"; };
		E0B5F781108A02C500619C6E /* CDXColorKeyboardExtensionView.xib */ = {isa = PBXFileReference; lastKnownFileType = file.xib; name = CDXColorKeyboardExtensionView.xib; path = ColorKeyboardExtension/CDXColorKeyboardExtensionView.xib; sourceTree = "<group>"; };
		E0B5F7EA108A0B3C00619C6E /* CDXColorKeyboardExtensionViewController.h */ = {isa = PBXFileReference; fileEncoding = 4; lastKnownFileType = sourcecode.c.h; name = CDXColorKeyboardExtensionViewController.h; path = ColorKeyboardExtension/CDXColorKeyboardExtensionViewController.h; sourceTree = "<group>"; };
		E0B5F7EB108A0B3C00619C6E /* CDXColorKeyboardExtensionViewController.m */ = {isa = PBXFileReference; fileEncoding = 4; lastKnownFileType = sourcecode.c.objc; name = CDXColorKeyboardExtensionViewController.m; path = ColorKeyboardExtension/CDXColorKeyboardExtensionViewController.m; sourceTree = "<group>"; };
		E0B5FA33108B156000619C6E /* CDXSymbolsKeyboardExtension.h */ = {isa = PBXFileReference; fileEncoding = 4; lastKnownFileType = sourcecode.c.h; name = CDXSymbolsKeyboardExtension.h; path = SymbolsKeyboardExtension/CDXSymbolsKeyboardExtension.h; sourceTree = "<group>"; };
		E0B5FA34108B156000619C6E /* CDXSymbolsKeyboardExtension.m */ = {isa = PBXFileReference; fileEncoding = 4; lastKnownFileType = sourcecode.c.objc; name = CDXSymbolsKeyboardExtension.m; path = SymbolsKeyboardExtension/CDXSymbolsKeyboardExtension.m; sourceTree = "<group>"; };
		E0B5FA36108B156D00619C6E /* CDXLayoutKeyboardExtension.h */ = {isa = PBXFileReference; fileEncoding = 4; lastKnownFileType = sourcecode.c.h; name = CDXLayoutKeyboardExtension.h; path = LayoutKeyboardExtension/CDXLayoutKeyboardExtension.h; sourceTree = "<group>"; };
		E0B5FA37108B156D00619C6E /* CDXLayoutKeyboardExtension.m */ = {isa = PBXFileReference; fileEncoding = 4; lastKnownFileType = sourcecode.c.objc; name = CDXLayoutKeyboardExtension.m; path = LayoutKeyboardExtension/CDXLayoutKeyboardExtension.m; sourceTree = "<group>"; };
		E0B5FA59108B180900619C6E /* CDXSymbolsKeyboardExtensionViewController.h */ = {isa = PBXFileReference; fileEncoding = 4; lastKnownFileType = sourcecode.c.h; name = CDXSymbolsKeyboardExtensionViewController.h; path = SymbolsKeyboardExtension/CDXSymbolsKeyboardExtensionViewController.h; sourceTree = "<group>"; };
		E0B5FA5A108B180900619C6E /* CDXSymbolsKeyboardExtensionViewController.m */ = {isa = PBXFileReference; fileEncoding = 4; lastKnownFileType = sourcecode.c.objc; name = CDXSymbolsKeyboardExtensionViewController.m; path = SymbolsKeyboardExtension/CDXSymbolsKeyboardExtensionViewController.m; sourceTree = "<group>"; };
		E0B5FA5C108B189500619C6E /* CDXSymbolsKeyboardExtensionView.xib */ = {isa = PBXFileReference; lastKnownFileType = file.xib; name = CDXSymbolsKeyboardExtensionView.xib; path = SymbolsKeyboardExtension/CDXSymbolsKeyboardExtensionView.xib; sourceTree = "<group>"; };
		E0B5FA9C108B19CF00619C6E /* CDXLayoutKeyboardExtensionView.xib */ = {isa = PBXFileReference; lastKnownFileType = file.xib; name = CDXLayoutKeyboardExtensionView.xib; path = LayoutKeyboardExtension/CDXLayoutKeyboardExtensionView.xib; sourceTree = "<group>"; };
		E0B5FA9D108B19CF00619C6E /* CDXLayoutKeyboardExtensionViewController.h */ = {isa = PBXFileReference; fileEncoding = 4; lastKnownFileType = sourcecode.c.h; name = CDXLayoutKeyboardExtensionViewController.h; path = LayoutKeyboardExtension/CDXLayoutKeyboardExtensionViewController.h; sourceTree = "<group>"; };
		E0B5FA9E108B19CF00619C6E /* CDXLayoutKeyboardExtensionViewController.m */ = {isa = PBXFileReference; fileEncoding = 4; lastKnownFileType = sourcecode.c.objc; name = CDXLayoutKeyboardExtensionViewController.m; path = LayoutKeyboardExtension/CDXLayoutKeyboardExtensionViewController.m; sourceTree = "<group>"; };
		E0B5FAEC108B1D0C00619C6E /* CDXSymbolsKeyboardExtensionBlocks.h */ = {isa = PBXFileReference; fileEncoding = 4; lastKnownFileType = sourcecode.c.h; name = CDXSymbolsKeyboardExtensionBlocks.h; path = SymbolsKeyboardExtension/CDXSymbolsKeyboardExtensionBlocks.h; sourceTree = "<group>"; };
		E0B5FAED108B1D0C00619C6E /* CDXSymbolsKeyboardExtensionBlocks.m */ = {isa = PBXFileReference; fileEncoding = 4; lastKnownFileType = sourcecode.c.objc; name = CDXSymbolsKeyboardExtensionBlocks.m; path = SymbolsKeyboardExtension/CDXSymbolsKeyboardExtensionBlocks.m; sourceTree = "<group>"; };
		E0B5FB42108B21CB00619C6E /* CDXSymbolsKeyboardExtensionTableViewController.h */ = {isa = PBXFileReference; fileEncoding = 4; lastKnownFileType = sourcecode.c.h; name = CDXSymbolsKeyboardExtensionTableViewController.h; path = SymbolsKeyboardExtension/CDXSymbolsKeyboardExtensionTableViewController.h; sourceTree = "<group>"; };
		E0B5FB43108B21CB00619C6E /* CDXSymbolsKeyboardExtensionTableViewController.m */ = {isa = PBXFileReference; fileEncoding = 4; lastKnownFileType = sourcecode.c.objc; name = CDXSymbolsKeyboardExtensionTableViewController.m; path = SymbolsKeyboardExtension/CDXSymbolsKeyboardExtensionTableViewController.m; sourceTree = "<group>"; };
		E0B5FB45108B21DF00619C6E /* CDXSymbolsKeyboardExtensionTableView.xib */ = {isa = PBXFileReference; lastKnownFileType = file.xib; name = CDXSymbolsKeyboardExtensionTableView.xib; path = SymbolsKeyboardExtension/CDXSymbolsKeyboardExtensionTableView.xib; sourceTree = "<group>"; };
		E0B5FB6D108B23A100619C6E /* CDXSymbolsKeyboardExtensionTableViewCellA.h */ = {isa = PBXFileReference; fileEncoding = 4; lastKnownFileType = sourcecode.c.h; name = CDXSymbolsKeyboardExtensionTableViewCellA.h; path = SymbolsKeyboardExtension/CDXSymbolsKeyboardExtensionTableViewCellA.h; sourceTree = "<group>"; };
		E0B5FB6E108B23A100619C6E /* CDXSymbolsKeyboardExtensionTableViewCellA.m */ = {isa = PBXFileReference; fileEncoding = 4; lastKnownFileType = sourcecode.c.objc; name = CDXSymbolsKeyboardExtensionTableViewCellA.m; path = SymbolsKeyboardExtension/CDXSymbolsKeyboardExtensionTableViewCellA.m; sourceTree = "<group>"; };
		E0B5FB6F108B23A100619C6E /* CDXSymbolsKeyboardExtensionTableViewCellA.xib */ = {isa = PBXFileReference; lastKnownFileType = file.xib; name = CDXSymbolsKeyboardExtensionTableViewCellA.xib; path = SymbolsKeyboardExtension/CDXSymbolsKeyboardExtensionTableViewCellA.xib; sourceTree = "<group>"; };
		E0B5FC69108B350000619C6E /* CDXSymbolsKeyboardExtensionTableViewCellB.h */ = {isa = PBXFileReference; fileEncoding = 4; lastKnownFileType = sourcecode.c.h; name = CDXSymbolsKeyboardExtensionTableViewCellB.h; path = SymbolsKeyboardExtension/CDXSymbolsKeyboardExtensionTableViewCellB.h; sourceTree = "<group>"; };
		E0B5FC6A108B350000619C6E /* CDXSymbolsKeyboardExtensionTableViewCellB.m */ = {isa = PBXFileReference; fileEncoding = 4; lastKnownFileType = sourcecode.c.objc; name = CDXSymbolsKeyboardExtensionTableViewCellB.m; path = SymbolsKeyboardExtension/CDXSymbolsKeyboardExtensionTableViewCellB.m; sourceTree = "<group>"; };
		E0B5FC6B108B350000619C6E /* CDXSymbolsKeyboardExtensionTableViewCellB.xib */ = {isa = PBXFileReference; lastKnownFileType = file.xib; name = CDXSymbolsKeyboardExtensionTableViewCellB.xib; path = SymbolsKeyboardExtension/CDXSymbolsKeyboardExtensionTableViewCellB.xib; sourceTree = "<group>"; };
		E0C8D1320FDAAC8900A07C80 /* CDXCardDeckListViewController.h */ = {isa = PBXFileReference; fileEncoding = 4; lastKnownFileType = sourcecode.c.h; name = CDXCardDeckListViewController.h; path = CardDeckListView/CDXCardDeckListViewController.h; sourceTree = "<group>"; };
		E0C8D1330FDAAC9000A07C80 /* CDXCardDeckListViewController.m */ = {isa = PBXFileReference; fileEncoding = 4; lastKnownFileType = sourcecode.c.objc; name = CDXCardDeckListViewController.m; path = CardDeckListView/CDXCardDeckListViewController.m; sourceTree = "<group>"; };
		E0C8D1360FDAAD2300A07C80 /* CDXCardDeckListView.xib */ = {isa = PBXFileReference; lastKnownFileType = file.xib; name = CDXCardDeckListView.xib; path = CardDeckListView/CDXCardDeckListView.xib; sourceTree = "<group>"; };
		E0E241611087B2B2008444E8 /* Settings.bundle */ = {isa = PBXFileReference; lastKnownFileType = "wrapper.plug-in"; name = Settings.bundle; path = Settings/Settings.bundle; sourceTree = "<group>"; };
		E0E241B51087B9C9008444E8 /* CDXSettings.h */ = {isa = PBXFileReference; fileEncoding = 4; lastKnownFileType = sourcecode.c.h; name = CDXSettings.h; path = Settings/CDXSettings.h; sourceTree = "<group>"; };
		E0E241B61087B9C9008444E8 /* CDXSettings.m */ = {isa = PBXFileReference; fileEncoding = 4; lastKnownFileType = sourcecode.c.objc; name = CDXSettings.m; path = Settings/CDXSettings.m; sourceTree = "<group>"; };
		E0E2431A1088EE32008444E8 /* CDXKeyboardExtensions.h */ = {isa = PBXFileReference; fileEncoding = 4; lastKnownFileType = sourcecode.c.h; name = CDXKeyboardExtensions.h; path = KeyboardExtensions/CDXKeyboardExtensions.h; sourceTree = "<group>"; };
		E0E2431B1088EE32008444E8 /* CDXKeyboardExtensions.m */ = {isa = PBXFileReference; fileEncoding = 4; lastKnownFileType = sourcecode.c.objc; name = CDXKeyboardExtensions.m; path = KeyboardExtensions/CDXKeyboardExtensions.m; sourceTree = "<group>"; };
		E0ED743C0FE0561900D448A5 /* CDXColor.h */ = {isa = PBXFileReference; fileEncoding = 4; lastKnownFileType = sourcecode.c.h; name = CDXColor.h; path = Color/CDXColor.h; sourceTree = "<group>"; };
		E0ED743D0FE0562000D448A5 /* CDXColor.m */ = {isa = PBXFileReference; fileEncoding = 4; lastKnownFileType = sourcecode.c.objc; name = CDXColor.m; path = Color/CDXColor.m; sourceTree = "<group>"; };
		E0EF1F3110DABD6A00BE1503 /* CDXSettingsView.xib */ = {isa = PBXFileReference; lastKnownFileType = file.xib; name = CDXSettingsView.xib; path = SettingsView/CDXSettingsView.xib; sourceTree = "<group>"; };
/* End PBXFileReference section */

/* Begin PBXFrameworksBuildPhase section */
		1D60588F0D05DD3D006BFB54 /* Frameworks */ = {
			isa = PBXFrameworksBuildPhase;
			buildActionMask = 2147483647;
			files = (
				1D60589F0D05DD5A006BFB54 /* Foundation.framework in Frameworks */,
				1DF5F4E00D08C38300B7A737 /* UIKit.framework in Frameworks */,
				288765FD0DF74451002DB57D /* CoreGraphics.framework in Frameworks */,
			);
			runOnlyForDeploymentPostprocessing = 0;
		};
/* End PBXFrameworksBuildPhase section */

/* Begin PBXGroup section */
		19C28FACFE9D520D11CA2CBB /* Products */ = {
			isa = PBXGroup;
			children = (
				1D6058910D05DD3D006BFB54 /* CardDecks.app */,
			);
			name = Products;
			sourceTree = "<group>";
		};
		29B97314FDCFA39411CA2CEA /* CustomTemplate */ = {
			isa = PBXGroup;
			children = (
				E0210DFE0FD9131E00DFAC6F /* CDX.pch */,
				E001ED79101C5ACD00F98B0E /* CDXApplicationVersion.h */,
				E0ED743B0FE0560600D448A5 /* Color */,
				E0AA880D0FDC1D8F00451CC5 /* Storage */,
				E04A33E30FD954A2005D524E /* Card */,
				E04A33860FD93702005D524E /* CardDeck */,
				E084852F0FDAC28100F2864D /* CardDeckList */,
				E0210D860FD90D4400DFAC6F /* Main */,
				E0210D9B0FD90EA800DFAC6F /* AppDelegate */,
				E0B47B3F0FF7F9F1004BA1A4 /* Rendering */,
				E05A7C5A0FFB32B50058DC1A /* InfoView */,
				E041C8030FD91EF2000C14A4 /* CardView */,
				E0210E370FD9143300DFAC6F /* CardDeckView */,
				E098E1E50FDF0B29006BBFD5 /* CardEditView */,
				E05851E10FDEEED600388DC2 /* CardDeckEditView */,
				E0C8D1300FDAAC5C00A07C80 /* CardDeckListView */,
				E0E243151088EE0B008444E8 /* KeyboardExtensions */,
				E0B5F70B1089F28B00619C6E /* ColorKeyboardExtension */,
				E0B5FA2E108B152600619C6E /* LayoutKeyboardExtension */,
				E0B5FA2F108B153000619C6E /* SymbolsKeyboardExtension */,
				E0210D8C0FD90E7F00DFAC6F /* Images */,
				E0210DD60FD911B600DFAC6F /* Logging */,
				29B97317FDCFA39411CA2CEA /* Resources */,
				E04A34340FD95629005D524E /* Templates */,
				29B97323FDCFA39411CA2CEA /* Frameworks */,
				19C28FACFE9D520D11CA2CBB /* Products */,
				E0E241B31087B9B6008444E8 /* Settings */,
				E05B52611096229200E045A7 /* SettingsView */,
			);
			name = CustomTemplate;
			sourceTree = "<group>";
		};
		29B97317FDCFA39411CA2CEA /* Resources */ = {
			isa = PBXGroup;
			children = (
				8D1107310486CEB800E47090 /* Info.plist */,
			);
			name = Resources;
			sourceTree = "<group>";
		};
		29B97323FDCFA39411CA2CEA /* Frameworks */ = {
			isa = PBXGroup;
			children = (
				1DF5F4DF0D08C38300B7A737 /* UIKit.framework */,
				1D30AB110D05D00D00671497 /* Foundation.framework */,
				288765FC0DF74451002DB57D /* CoreGraphics.framework */,
			);
			name = Frameworks;
			sourceTree = "<group>";
		};
		E0210D860FD90D4400DFAC6F /* Main */ = {
			isa = PBXGroup;
			children = (
				E0210D890FD90DA300DFAC6F /* MainWindow.xib */,
				E0210D870FD90D7900DFAC6F /* main.m */,
			);
			name = Main;
			sourceTree = "<group>";
		};
		E0210D8C0FD90E7F00DFAC6F /* Images */ = {
			isa = PBXGroup;
			children = (
				E078F6A4108E56740001F654 /* TableBackground.png */,
				E078F487108E3E1E0001F654 /* KeyboardExtensionsBackground.png */,
				E05A7C620FFB348D0058DC1A /* Logo-Prerendered.png */,
				E0557D6F0FEE3486008782D0 /* Transparent.png */,
				E0557D4D0FEE3182008782D0 /* World.png */,
				E0AC025A0FECECEE007F8CD0 /* Mail.png */,
				E0015C2E0FEBEB7C005F3693 /* iTunesArtwork */,
				E0210D8D0FD90E9300DFAC6F /* Icon-Settings.png */,
				E0210D8E0FD90E9300DFAC6F /* Icon.png */,
			);
			name = Images;
			sourceTree = "<group>";
		};
		E0210D9B0FD90EA800DFAC6F /* AppDelegate */ = {
			isa = PBXGroup;
			children = (
				E0210D9C0FD90EC000DFAC6F /* CDXAppDelegate.h */,
				E0210D9D0FD90EC800DFAC6F /* CDXAppDelegate.m */,
			);
			name = AppDelegate;
			sourceTree = "<group>";
		};
		E0210DD60FD911B600DFAC6F /* Logging */ = {
			isa = PBXGroup;
			children = (
				E01A8849101C90A40036C2D5 /* CDXLogging.h */,
				E0210DDD0FD9121B00DFAC6F /* lcl_config_components.h */,
				E0210DDF0FD9121B00DFAC6F /* lcl_config_logger.h */,
				E0210DDB0FD9121B00DFAC6F /* lcl.h */,
				E0210DDC0FD9121B00DFAC6F /* lcl.m */,
			);
			name = Logging;
			sourceTree = "<group>";
		};
		E0210E370FD9143300DFAC6F /* CardDeckView */ = {
			isa = PBXGroup;
			children = (
				E0210E3A0FD9157600DFAC6F /* CDXCardDeckViewController.h */,
				E0210E3B0FD9157600DFAC6F /* CDXCardDeckViewController.m */,
				E0210E3D0FD9161500DFAC6F /* CDXCardDeckView.xib */,
			);
			name = CardDeckView;
			sourceTree = "<group>";
		};
		E041C8030FD91EF2000C14A4 /* CardView */ = {
			isa = PBXGroup;
			children = (
				E041C8070FD91F43000C14A4 /* CDXCardViewController.h */,
				E041C8080FD91F4E000C14A4 /* CDXCardViewController.m */,
				E041C8040FD91F14000C14A4 /* CDXCardView.xib */,
			);
			name = CardView;
			sourceTree = "<group>";
		};
		E04A33860FD93702005D524E /* CardDeck */ = {
			isa = PBXGroup;
			children = (
				E04A33850FD936FC005D524E /* CDXCardDeck.h */,
				E04A33890FD94D47005D524E /* CDXCardDeck.m */,
			);
			name = CardDeck;
			sourceTree = "<group>";
		};
		E04A33E30FD954A2005D524E /* Card */ = {
			isa = PBXGroup;
			children = (
				E04A33E20FD9549A005D524E /* CDXCard.h */,
				E04A33E40FD954C9005D524E /* CDXCard.m */,
				E0036F241091F74300972E05 /* CDXCardOrientation.h */,
				E0036F251091F74300972E05 /* CDXCardOrientation.m */,
			);
			name = Card;
			sourceTree = "<group>";
		};
		E04A34340FD95629005D524E /* Templates */ = {
			isa = PBXGroup;
			children = (
				E03F3C080FFC0680003AA79C /* 15-0.CardDeck.plist */,
				E08B12140FED5089002B6A50 /* 60-0.CardDeck.plist */,
				E0A3C63D0FDACA0900F27B84 /* RedYellowGreen.CardDeck.plist */,
				E0AA86BD0FDC0BB600451CC5 /* YesNoPerhaps.CardDeck.plist */,
				E0682DBC0FDAFCF100AA06C9 /* 0-10.CardDeck.plist */,
				E08485380FDAC4B700F2864D /* Main.CardDecksList.plist */,
				E0AA89390FDC3E6200451CC5 /* New.CardDeck.plist */,
			);
			name = Templates;
			sourceTree = "<group>";
		};
		E05851E10FDEEED600388DC2 /* CardDeckEditView */ = {
			isa = PBXGroup;
			children = (
				E058520A0FDEF30D00388DC2 /* CDXCardDeckEditViewController.h */,
				E05852190FDEF3B600388DC2 /* CDXCardDeckEditViewController.m */,
				E05851E80FDEEF1800388DC2 /* CDXCardDeckEditView.xib */,
				E058529B0FDEF8F000388DC2 /* CDXCardDeckEditViewTableCell.h */,
				E058529C0FDEF8F000388DC2 /* CDXCardDeckEditViewTableCell.m */,
				E058529D0FDEF8F000388DC2 /* CDXCardDeckEditViewTableCell.xib */,
			);
			name = CardDeckEditView;
			sourceTree = "<group>";
		};
		E05A7C5A0FFB32B50058DC1A /* InfoView */ = {
			isa = PBXGroup;
			children = (
				E03F391B0FFBE0BC003AA79C /* CDXInfoViewController.h */,
				E03F391C0FFBE0BC003AA79C /* CDXInfoViewController.m */,
				E03F391F0FFBE14B003AA79C /* CDXInfoView.xib */,
				E05A7C5B0FFB32D90058DC1A /* CDXInfoOverviewViewController.h */,
				E05A7C5C0FFB32E40058DC1A /* CDXInfoOverviewViewController.m */,
				E05A7C5E0FFB32EF0058DC1A /* CDXInfoOverviewView.xib */,
				E03F39F60FFBE787003AA79C /* CDXInfoOverviewViewTableCell.h */,
				E03F39F70FFBE787003AA79C /* CDXInfoOverviewViewTableCell.m */,
				E03F39F80FFBE787003AA79C /* CDXInfoOverviewViewTableCell.xib */,
				E03F3A810FFBEEAE003AA79C /* CDXInfoHTMLViewController.h */,
				E03F3A820FFBEEB4003AA79C /* CDXInfoHTMLViewController.m */,
				E03F3A7E0FFBEE71003AA79C /* CDXInfoHTMLView.xib */,
				E03F3AD10FFBF1B9003AA79C /* License.html */,
			);
			name = InfoView;
			sourceTree = "<group>";
		};
		E05B52611096229200E045A7 /* SettingsView */ = {
			isa = PBXGroup;
			children = (
				E05B5264109622AC00E045A7 /* CDXSettingsViewController.h */,
				E05B5265109622AC00E045A7 /* CDXSettingsViewController.m */,
				E0EF1F3110DABD6A00BE1503 /* CDXSettingsView.xib */,
				E05B52711096252200E045A7 /* CDXSettingsViewTableCell.h */,
				E05B52721096252200E045A7 /* CDXSettingsViewTableCell.m */,
				E05B52741096253200E045A7 /* CDXSettingsViewTableCell.xib */,
			);
			name = SettingsView;
			sourceTree = "<group>";
		};
		E084852F0FDAC28100F2864D /* CardDeckList */ = {
			isa = PBXGroup;
			children = (
				E08485310FDAC2B500F2864D /* CDXCardDeckList.h */,
				E08485320FDAC2BF00F2864D /* CDXCardDeckList.m */,
			);
			name = CardDeckList;
			sourceTree = "<group>";
		};
		E098E1E50FDF0B29006BBFD5 /* CardEditView */ = {
			isa = PBXGroup;
			children = (
				E098E1EE0FDF0BE5006BBFD5 /* CDXCardEditViewController.h */,
				E098E1EF0FDF0BF6006BBFD5 /* CDXCardEditViewController.m */,
				E098E1EB0FDF0B8A006BBFD5 /* CDXCardEditView.xib */,
			);
			name = CardEditView;
			sourceTree = "<group>";
		};
		E0AA880D0FDC1D8F00451CC5 /* Storage */ = {
			isa = PBXGroup;
			children = (
				E0AA880F0FDC1DAC00451CC5 /* CDXStorage.h */,
				E0AA88100FDC1DB200451CC5 /* CDXStorage.m */,
			);
			name = Storage;
			sourceTree = "<group>";
		};
		E0B47B3F0FF7F9F1004BA1A4 /* Rendering */ = {
			isa = PBXGroup;
			children = (
				E0B47B410FF7FA02004BA1A4 /* CDXTextRenderingContext.h */,
				E0B47B420FF7FA0B004BA1A4 /* CDXTextRenderingContext.m */,
			);
			name = Rendering;
			sourceTree = "<group>";
		};
		E0B5F70B1089F28B00619C6E /* ColorKeyboardExtension */ = {
			isa = PBXGroup;
			children = (
				E0B5F70E1089F2B300619C6E /* CDXColorKeyboardExtension.h */,
				E0B5F70F1089F2B300619C6E /* CDXColorKeyboardExtension.m */,
				E0B5F7EA108A0B3C00619C6E /* CDXColorKeyboardExtensionViewController.h */,
				E0B5F7EB108A0B3C00619C6E /* CDXColorKeyboardExtensionViewController.m */,
				E0B5F781108A02C500619C6E /* CDXColorKeyboardExtensionView.xib */,
			);
			name = ColorKeyboardExtension;
			sourceTree = "<group>";
		};
		E0B5FA2E108B152600619C6E /* LayoutKeyboardExtension */ = {
			isa = PBXGroup;
			children = (
				E0B5FA36108B156D00619C6E /* CDXLayoutKeyboardExtension.h */,
				E0B5FA37108B156D00619C6E /* CDXLayoutKeyboardExtension.m */,
				E0B5FA9D108B19CF00619C6E /* CDXLayoutKeyboardExtensionViewController.h */,
				E0B5FA9E108B19CF00619C6E /* CDXLayoutKeyboardExtensionViewController.m */,
				E0B5FA9C108B19CF00619C6E /* CDXLayoutKeyboardExtensionView.xib */,
			);
			name = LayoutKeyboardExtension;
			sourceTree = "<group>";
		};
		E0B5FA2F108B153000619C6E /* SymbolsKeyboardExtension */ = {
			isa = PBXGroup;
			children = (
				E0B5FA33108B156000619C6E /* CDXSymbolsKeyboardExtension.h */,
				E0B5FA34108B156000619C6E /* CDXSymbolsKeyboardExtension.m */,
				E0B5FA59108B180900619C6E /* CDXSymbolsKeyboardExtensionViewController.h */,
				E0B5FA5A108B180900619C6E /* CDXSymbolsKeyboardExtensionViewController.m */,
				E0B5FA5C108B189500619C6E /* CDXSymbolsKeyboardExtensionView.xib */,
				E0B5FAEC108B1D0C00619C6E /* CDXSymbolsKeyboardExtensionBlocks.h */,
				E0B5FAED108B1D0C00619C6E /* CDXSymbolsKeyboardExtensionBlocks.m */,
				E0B5FB42108B21CB00619C6E /* CDXSymbolsKeyboardExtensionTableViewController.h */,
				E0B5FB43108B21CB00619C6E /* CDXSymbolsKeyboardExtensionTableViewController.m */,
				E0B5FB45108B21DF00619C6E /* CDXSymbolsKeyboardExtensionTableView.xib */,
				E0B5FB6D108B23A100619C6E /* CDXSymbolsKeyboardExtensionTableViewCellA.h */,
				E0B5FB6E108B23A100619C6E /* CDXSymbolsKeyboardExtensionTableViewCellA.m */,
				E0B5FB6F108B23A100619C6E /* CDXSymbolsKeyboardExtensionTableViewCellA.xib */,
				E0B5FC69108B350000619C6E /* CDXSymbolsKeyboardExtensionTableViewCellB.h */,
				E0B5FC6A108B350000619C6E /* CDXSymbolsKeyboardExtensionTableViewCellB.m */,
				E0B5FC6B108B350000619C6E /* CDXSymbolsKeyboardExtensionTableViewCellB.xib */,
			);
			name = SymbolsKeyboardExtension;
			sourceTree = "<group>";
		};
		E0C8D1300FDAAC5C00A07C80 /* CardDeckListView */ = {
			isa = PBXGroup;
			children = (
				E0C8D1320FDAAC8900A07C80 /* CDXCardDeckListViewController.h */,
				E0C8D1330FDAAC9000A07C80 /* CDXCardDeckListViewController.m */,
				E0C8D1360FDAAD2300A07C80 /* CDXCardDeckListView.xib */,
				E05852960FDEF8B000388DC2 /* CDXCardDeckListViewTableCell.h */,
				E05852970FDEF8B000388DC2 /* CDXCardDeckListViewTableCell.m */,
				E05852980FDEF8B000388DC2 /* CDXCardDeckListViewTableCell.xib */,
			);
			name = CardDeckListView;
			sourceTree = "<group>";
		};
		E0E241B31087B9B6008444E8 /* Settings */ = {
			isa = PBXGroup;
			children = (
				E0E241B51087B9C9008444E8 /* CDXSettings.h */,
				E0E241B61087B9C9008444E8 /* CDXSettings.m */,
				E0E241611087B2B2008444E8 /* Settings.bundle */,
			);
			name = Settings;
			sourceTree = "<group>";
		};
		E0E243151088EE0B008444E8 /* KeyboardExtensions */ = {
			isa = PBXGroup;
			children = (
				E0E2431A1088EE32008444E8 /* CDXKeyboardExtensions.h */,
				E0E2431B1088EE32008444E8 /* CDXKeyboardExtensions.m */,
			);
			name = KeyboardExtensions;
			sourceTree = "<group>";
		};
		E0ED743B0FE0560600D448A5 /* Color */ = {
			isa = PBXGroup;
			children = (
				E0ED743C0FE0561900D448A5 /* CDXColor.h */,
				E0ED743D0FE0562000D448A5 /* CDXColor.m */,
			);
			name = Color;
			sourceTree = "<group>";
		};
/* End PBXGroup section */

/* Begin PBXNativeTarget section */
		1D6058900D05DD3D006BFB54 /* CardDecks */ = {
			isa = PBXNativeTarget;
			buildConfigurationList = 1D6058960D05DD3E006BFB54 /* Build configuration list for PBXNativeTarget "CardDecks" */;
			buildPhases = (
				1D60588D0D05DD3D006BFB54 /* Resources */,
				1D60588E0D05DD3D006BFB54 /* Sources */,
				1D60588F0D05DD3D006BFB54 /* Frameworks */,
			);
			buildRules = (
			);
			dependencies = (
			);
			name = CardDecks;
			productName = CardDecks;
			productReference = 1D6058910D05DD3D006BFB54 /* CardDecks.app */;
			productType = "com.apple.product-type.application";
		};
/* End PBXNativeTarget section */

/* Begin PBXProject section */
		29B97313FDCFA39411CA2CEA /* Project object */ = {
			isa = PBXProject;
			buildConfigurationList = C01FCF4E08A954540054247B /* Build configuration list for PBXProject "CardDecks" */;
			compatibilityVersion = "Xcode 3.1";
			hasScannedForEncodings = 1;
			mainGroup = 29B97314FDCFA39411CA2CEA /* CustomTemplate */;
			projectDirPath = "";
			projectRoot = "";
			targets = (
				1D6058900D05DD3D006BFB54 /* CardDecks */,
			);
		};
/* End PBXProject section */

/* Begin PBXResourcesBuildPhase section */
		1D60588D0D05DD3D006BFB54 /* Resources */ = {
			isa = PBXResourcesBuildPhase;
			buildActionMask = 2147483647;
			files = (
				E0210D8A0FD90DA300DFAC6F /* MainWindow.xib in Resources */,
				E0210D950FD90E9300DFAC6F /* Icon-Settings.png in Resources */,
				E0210D960FD90E9300DFAC6F /* Icon.png in Resources */,
				E0210E3E0FD9161500DFAC6F /* CDXCardDeckView.xib in Resources */,
				E041C8050FD91F14000C14A4 /* CDXCardView.xib in Resources */,
				E0C8D1370FDAAD2300A07C80 /* CDXCardDeckListView.xib in Resources */,
				E08485390FDAC4B700F2864D /* Main.CardDecksList.plist in Resources */,
				E0A3C63E0FDACA0900F27B84 /* RedYellowGreen.CardDeck.plist in Resources */,
				E0682DBD0FDAFCF100AA06C9 /* 0-10.CardDeck.plist in Resources */,
				E0AA86BE0FDC0BB600451CC5 /* YesNoPerhaps.CardDeck.plist in Resources */,
				E0AA893A0FDC3E6200451CC5 /* New.CardDeck.plist in Resources */,
				E05851E90FDEEF1800388DC2 /* CDXCardDeckEditView.xib in Resources */,
				E058529A0FDEF8B000388DC2 /* CDXCardDeckListViewTableCell.xib in Resources */,
				E058529F0FDEF8F000388DC2 /* CDXCardDeckEditViewTableCell.xib in Resources */,
				E098E1EC0FDF0B8A006BBFD5 /* CDXCardEditView.xib in Resources */,
				E0AC025B0FECECEE007F8CD0 /* Mail.png in Resources */,
				E08B12150FED5089002B6A50 /* 60-0.CardDeck.plist in Resources */,
				E0557D4E0FEE3182008782D0 /* World.png in Resources */,
				E0557D700FEE3486008782D0 /* Transparent.png in Resources */,
				E05A7C5F0FFB32EF0058DC1A /* CDXInfoOverviewView.xib in Resources */,
				E05A7C630FFB348D0058DC1A /* Logo-Prerendered.png in Resources */,
				E03F39200FFBE14B003AA79C /* CDXInfoView.xib in Resources */,
				E03F39FA0FFBE787003AA79C /* CDXInfoOverviewViewTableCell.xib in Resources */,
				E03F3A7F0FFBEE71003AA79C /* CDXInfoHTMLView.xib in Resources */,
				E03F3AD20FFBF1B9003AA79C /* License.html in Resources */,
				E03F3C090FFC0680003AA79C /* 15-0.CardDeck.plist in Resources */,
				E0E241621087B2B2008444E8 /* Settings.bundle in Resources */,
				E0B5F782108A02C500619C6E /* CDXColorKeyboardExtensionView.xib in Resources */,
				E0B5FA5D108B189500619C6E /* CDXSymbolsKeyboardExtensionView.xib in Resources */,
				E0B5FA9F108B19CF00619C6E /* CDXLayoutKeyboardExtensionView.xib in Resources */,
				E0B5FB46108B21DF00619C6E /* CDXSymbolsKeyboardExtensionTableView.xib in Resources */,
				E0B5FB71108B23A100619C6E /* CDXSymbolsKeyboardExtensionTableViewCellA.xib in Resources */,
				E0B5FC6D108B350000619C6E /* CDXSymbolsKeyboardExtensionTableViewCellB.xib in Resources */,
				E078F488108E3E1E0001F654 /* KeyboardExtensionsBackground.png in Resources */,
				E078F6A5108E56740001F654 /* TableBackground.png in Resources */,
				E05B52751096253200E045A7 /* CDXSettingsViewTableCell.xib in Resources */,
				E0EF1F3210DABD6A00BE1503 /* CDXSettingsView.xib in Resources */,
			);
			runOnlyForDeploymentPostprocessing = 0;
		};
/* End PBXResourcesBuildPhase section */

/* Begin PBXSourcesBuildPhase section */
		1D60588E0D05DD3D006BFB54 /* Sources */ = {
			isa = PBXSourcesBuildPhase;
			buildActionMask = 2147483647;
			files = (
				E051A3170FFC0CD200AC32F8 /* lcl.m in Sources */,
				E0210D880FD90D7900DFAC6F /* main.m in Sources */,
				E0210D9E0FD90EC800DFAC6F /* CDXAppDelegate.m in Sources */,
				E0210E3C0FD9157600DFAC6F /* CDXCardDeckViewController.m in Sources */,
				E041C8090FD91F4E000C14A4 /* CDXCardViewController.m in Sources */,
				E04A338A0FD94D47005D524E /* CDXCardDeck.m in Sources */,
				E04A33E50FD954C9005D524E /* CDXCard.m in Sources */,
				E0C8D1340FDAAC9000A07C80 /* CDXCardDeckListViewController.m in Sources */,
				E08485330FDAC2BF00F2864D /* CDXCardDeckList.m in Sources */,
				E0AA88110FDC1DB200451CC5 /* CDXStorage.m in Sources */,
				E058521A0FDEF3B600388DC2 /* CDXCardDeckEditViewController.m in Sources */,
				E05852990FDEF8B000388DC2 /* CDXCardDeckListViewTableCell.m in Sources */,
				E058529E0FDEF8F000388DC2 /* CDXCardDeckEditViewTableCell.m in Sources */,
				E098E1F00FDF0BF6006BBFD5 /* CDXCardEditViewController.m in Sources */,
				E0ED743E0FE0562000D448A5 /* CDXColor.m in Sources */,
				E0B47B430FF7FA0B004BA1A4 /* CDXTextRenderingContext.m in Sources */,
				E05A7C5D0FFB32E40058DC1A /* CDXInfoOverviewViewController.m in Sources */,
				E03F391D0FFBE0BC003AA79C /* CDXInfoViewController.m in Sources */,
				E03F39F90FFBE787003AA79C /* CDXInfoOverviewViewTableCell.m in Sources */,
				E03F3A830FFBEEB4003AA79C /* CDXInfoHTMLViewController.m in Sources */,
				E0E241B71087B9C9008444E8 /* CDXSettings.m in Sources */,
				E0E2431C1088EE32008444E8 /* CDXKeyboardExtensions.m in Sources */,
				E0B5F7101089F2B300619C6E /* CDXColorKeyboardExtension.m in Sources */,
				E0B5F7EC108A0B3C00619C6E /* CDXColorKeyboardExtensionViewController.m in Sources */,
				E0B5FA35108B156000619C6E /* CDXSymbolsKeyboardExtension.m in Sources */,
				E0B5FA38108B156D00619C6E /* CDXLayoutKeyboardExtension.m in Sources */,
				E0B5FA5B108B180900619C6E /* CDXSymbolsKeyboardExtensionViewController.m in Sources */,
				E0B5FAA0108B19CF00619C6E /* CDXLayoutKeyboardExtensionViewController.m in Sources */,
				E0B5FAEE108B1D0C00619C6E /* CDXSymbolsKeyboardExtensionBlocks.m in Sources */,
				E0B5FB44108B21CB00619C6E /* CDXSymbolsKeyboardExtensionTableViewController.m in Sources */,
				E0B5FB70108B23A100619C6E /* CDXSymbolsKeyboardExtensionTableViewCellA.m in Sources */,
				E0B5FC6C108B350000619C6E /* CDXSymbolsKeyboardExtensionTableViewCellB.m in Sources */,
				E0036F261091F74300972E05 /* CDXCardOrientation.m in Sources */,
				E05B5266109622AC00E045A7 /* CDXSettingsViewController.m in Sources */,
				E05B52731096252200E045A7 /* CDXSettingsViewTableCell.m in Sources */,
			);
			runOnlyForDeploymentPostprocessing = 0;
		};
/* End PBXSourcesBuildPhase section */

/* Begin XCBuildConfiguration section */
		1D6058940D05DD3E006BFB54 /* Debug */ = {
			isa = XCBuildConfiguration;
			buildSettings = {
				ALWAYS_SEARCH_USER_PATHS = NO;
				"CODE_SIGN_IDENTITY[sdk=iphoneos*]" = "iPhone Developer";
				COPY_PHASE_STRIP = NO;
				GCC_DYNAMIC_NO_PIC = NO;
				GCC_OPTIMIZATION_LEVEL = 0;
				GCC_PRECOMPILE_PREFIX_HEADER = YES;
				GCC_PREFIX_HEADER = CDX.pch;
				GCC_VERSION = 4.2;
				INFOPLIST_FILE = Info.plist;
				PRODUCT_NAME = CardDecks;
				SDKROOT = iphoneos3.0;
			};
			name = Debug;
		};
		1D6058950D05DD3E006BFB54 /* Release */ = {
			isa = XCBuildConfiguration;
			buildSettings = {
				ALWAYS_SEARCH_USER_PATHS = NO;
				"CODE_SIGN_IDENTITY[sdk=iphoneos*]" = "iPhone Developer";
				COMPRESS_PNG_FILES = YES;
				COPY_PHASE_STRIP = NO;
				GCC_PRECOMPILE_PREFIX_HEADER = YES;
				GCC_PREFIX_HEADER = CDX.pch;
				GCC_VERSION = 4.2;
				INFOPLIST_FILE = Info.plist;
				PRODUCT_NAME = CardDecks;
				SDKROOT = iphoneos3.0;
			};
			name = Release;
		};
		C01FCF4F08A954540054247B /* Debug */ = {
			isa = XCBuildConfiguration;
			buildSettings = {
				ARCHS = "$(ARCHS_STANDARD_32_BIT)";
				"CODE_SIGN_IDENTITY[sdk=iphoneos*]" = "iPhone Developer";
				GCC_C_LANGUAGE_STANDARD = c99;
				GCC_WARN_ABOUT_RETURN_TYPE = YES;
				GCC_WARN_UNUSED_VARIABLE = YES;
				ONLY_ACTIVE_ARCH = YES;
				PREBINDING = NO;
				SDKROOT = iphoneos3.0;
			};
			name = Debug;
		};
		C01FCF5008A954540054247B /* Release */ = {
			isa = XCBuildConfiguration;
			buildSettings = {
				ARCHS = "$(ARCHS_STANDARD_32_BIT)";
				"CODE_SIGN_IDENTITY[sdk=iphoneos*]" = "iPhone Developer";
				GCC_C_LANGUAGE_STANDARD = c99;
				GCC_WARN_ABOUT_RETURN_TYPE = YES;
				GCC_WARN_UNUSED_VARIABLE = YES;
				PREBINDING = NO;
				SDKROOT = iphoneos3.0;
			};
			name = Release;
		};
		E06615A30FFF78C800571D7D /* Distribution */ = {
			isa = XCBuildConfiguration;
			buildSettings = {
				ARCHS = "$(ARCHS_STANDARD_32_BIT)";
				"CODE_SIGN_IDENTITY[sdk=iphoneos*]" = "iPhone Developer";
				GCC_C_LANGUAGE_STANDARD = c99;
				GCC_WARN_ABOUT_RETURN_TYPE = YES;
				GCC_WARN_UNUSED_VARIABLE = YES;
				PREBINDING = NO;
				SDKROOT = iphoneos3.0;
			};
			name = Distribution;
		};
		E06615A40FFF78C800571D7D /* Distribution */ = {
			isa = XCBuildConfiguration;
			buildSettings = {
				ALWAYS_SEARCH_USER_PATHS = NO;
				"CODE_SIGN_IDENTITY[sdk=iphoneos*]" = "iPhone Distribution";
				COMPRESS_PNG_FILES = YES;
				COPY_PHASE_STRIP = NO;
				GCC_PRECOMPILE_PREFIX_HEADER = YES;
				GCC_PREFIX_HEADER = CDX.pch;
				GCC_VERSION = 4.2;
				INFOPLIST_FILE = Info.plist;
				PRODUCT_NAME = CardDecks;
				SDKROOT = iphoneos3.0;
			};
			name = Distribution;
		};
/* End XCBuildConfiguration section */

/* Begin XCConfigurationList section */
		1D6058960D05DD3E006BFB54 /* Build configuration list for PBXNativeTarget "CardDecks" */ = {
			isa = XCConfigurationList;
			buildConfigurations = (
				1D6058940D05DD3E006BFB54 /* Debug */,
				1D6058950D05DD3E006BFB54 /* Release */,
				E06615A40FFF78C800571D7D /* Distribution */,
			);
			defaultConfigurationIsVisible = 0;
			defaultConfigurationName = Release;
		};
		C01FCF4E08A954540054247B /* Build configuration list for PBXProject "CardDecks" */ = {
			isa = XCConfigurationList;
			buildConfigurations = (
				C01FCF4F08A954540054247B /* Debug */,
				C01FCF5008A954540054247B /* Release */,
				E06615A30FFF78C800571D7D /* Distribution */,
			);
			defaultConfigurationIsVisible = 0;
			defaultConfigurationName = Release;
		};
/* End XCConfigurationList section */
	};
	rootObject = 29B97313FDCFA39411CA2CEA /* Project object */;
}
