// !$*UTF8*$!
{
	archiveVersion = 1;
	classes = {
	};
	objectVersion = 45;
	objects = {

/* Begin PBXBuildFile section */
		E002B5951167613A0072C409 /* Foundation.framework in Frameworks */ = {isa = PBXBuildFile; fileRef = E03BA2711167488B00FE7924 /* Foundation.framework */; };
		E002B5E3116761410072C409 /* UIKit.framework in Frameworks */ = {isa = PBXBuildFile; fileRef = E03BA2731167489600FE7924 /* UIKit.framework */; };
		E002B62D116762300072C409 /* SenTestingKit.framework in Frameworks */ = {isa = PBXBuildFile; fileRef = E002B627116762260072C409 /* SenTestingKit.framework */; };
		E002B6C7116885150072C409 /* CDXColor.m in Sources */ = {isa = PBXBuildFile; fileRef = E002B6C6116885150072C409 /* CDXColor.m */; };
		E002B6C9116885230072C409 /* CDXColorTests.m in Sources */ = {isa = PBXBuildFile; fileRef = E002B6C8116885230072C409 /* CDXColorTests.m */; };
		E002B6CC116885340072C409 /* CDXColor.m in Sources */ = {isa = PBXBuildFile; fileRef = E002B6C6116885150072C409 /* CDXColor.m */; };
		E002B6D41168858C0072C409 /* CDXCard.m in Sources */ = {isa = PBXBuildFile; fileRef = E002B6D31168858C0072C409 /* CDXCard.m */; };
		E002B6DF11688B5F0072C409 /* CDXCardTests.m in Sources */ = {isa = PBXBuildFile; fileRef = E002B6DE11688B5F0072C409 /* CDXCardTests.m */; };
		E002B6E011688B640072C409 /* CDXCard.m in Sources */ = {isa = PBXBuildFile; fileRef = E002B6D31168858C0072C409 /* CDXCard.m */; };
		E002B7011168942F0072C409 /* CDXCardDeck.m in Sources */ = {isa = PBXBuildFile; fileRef = E002B7001168942F0072C409 /* CDXCardDeck.m */; };
		E002B7021168942F0072C409 /* CDXCardDeck.m in Sources */ = {isa = PBXBuildFile; fileRef = E002B7001168942F0072C409 /* CDXCardDeck.m */; };
		E002B704116894980072C409 /* CDXCardDeckTests.m in Sources */ = {isa = PBXBuildFile; fileRef = E002B703116894980072C409 /* CDXCardDeckTests.m */; };
		E002B76111689C570072C409 /* CDXCardDeckURLSerializer.m in Sources */ = {isa = PBXBuildFile; fileRef = E002B76011689C570072C409 /* CDXCardDeckURLSerializer.m */; };
		E002B76211689C570072C409 /* CDXCardDeckURLSerializer.m in Sources */ = {isa = PBXBuildFile; fileRef = E002B76011689C570072C409 /* CDXCardDeckURLSerializer.m */; };
		E002B7881168A8060072C409 /* CDXCardDeckURLSerializerTests.m in Sources */ = {isa = PBXBuildFile; fileRef = E002B7861168A8060072C409 /* CDXCardDeckURLSerializerTests.m */; };
		E032F1311169D9FB0033980C /* CDXCardDecks.m in Sources */ = {isa = PBXBuildFile; fileRef = E032F1301169D9FB0033980C /* CDXCardDecks.m */; };
		E032F1521169DB5D0033980C /* CDXCardDecks.m in Sources */ = {isa = PBXBuildFile; fileRef = E032F1301169D9FB0033980C /* CDXCardDecks.m */; };
		E032F1541169DB790033980C /* CDXCardDecksTests.m in Sources */ = {isa = PBXBuildFile; fileRef = E032F1531169DB790033980C /* CDXCardDecksTests.m */; };
		E032F1661169DD9E0033980C /* CDXCardDecksViewController.m in Sources */ = {isa = PBXBuildFile; fileRef = E032F1651169DD9E0033980C /* CDXCardDecksViewController.m */; };
		E032F1681169DDC10033980C /* CDXCardDecksView.xib in Resources */ = {isa = PBXBuildFile; fileRef = E032F1671169DDC10033980C /* CDXCardDecksView.xib */; };
		E03BA24D116747FC00FE7924 /* main.m in Sources */ = {isa = PBXBuildFile; fileRef = E03BA24C116747FC00FE7924 /* main.m */; };
		E03BA2721167488B00FE7924 /* Foundation.framework in Frameworks */ = {isa = PBXBuildFile; fileRef = E03BA2711167488B00FE7924 /* Foundation.framework */; };
		E03BA2741167489600FE7924 /* UIKit.framework in Frameworks */ = {isa = PBXBuildFile; fileRef = E03BA2731167489600FE7924 /* UIKit.framework */; };
		E03BA38611674C3300FE7924 /* MainWindow.xib in Resources */ = {isa = PBXBuildFile; fileRef = E03BA38511674C3300FE7924 /* MainWindow.xib */; };
		E03BA38911674CBF00FE7924 /* CDXAppDelegate.m in Sources */ = {isa = PBXBuildFile; fileRef = E03BA38811674CBF00FE7924 /* CDXAppDelegate.m */; };
/* End PBXBuildFile section */

/* Begin PBXContainerItemProxy section */
		E002B5051167608D0072C409 /* PBXContainerItemProxy */ = {
			isa = PBXContainerItemProxy;
			containerPortal = 29B97313FDCFA39411CA2CEA /* Project object */;
			proxyType = 1;
			remoteGlobalIDString = E002B4F9116760650072C409;
			remoteInfo = Tests;
		};
/* End PBXContainerItemProxy section */

/* Begin PBXFileReference section */
		E002B449116754350072C409 /* CardDecks2.app */ = {isa = PBXFileReference; explicitFileType = wrapper.application; includeInIndex = 0; path = CardDecks2.app; sourceTree = BUILT_PRODUCTS_DIR; };
		E002B4FA116760650072C409 /* Tests.octest */ = {isa = PBXFileReference; explicitFileType = wrapper.cfbundle; includeInIndex = 0; path = Tests.octest; sourceTree = BUILT_PRODUCTS_DIR; };
		E002B4FB116760650072C409 /* Tests-Info.plist */ = {isa = PBXFileReference; lastKnownFileType = text.plist.xml; path = "Tests-Info.plist"; sourceTree = "<group>"; };
		E002B627116762260072C409 /* SenTestingKit.framework */ = {isa = PBXFileReference; lastKnownFileType = wrapper.framework; name = SenTestingKit.framework; path = Developer/Library/Frameworks/SenTestingKit.framework; sourceTree = SDKROOT; };
		E002B6C5116885150072C409 /* CDXColor.h */ = {isa = PBXFileReference; fileEncoding = 4; lastKnownFileType = sourcecode.c.h; name = CDXColor.h; path = Classes/Models/CDXColor.h; sourceTree = "<group>"; };
		E002B6C6116885150072C409 /* CDXColor.m */ = {isa = PBXFileReference; fileEncoding = 4; lastKnownFileType = sourcecode.c.objc; name = CDXColor.m; path = Classes/Models/CDXColor.m; sourceTree = "<group>"; };
		E002B6C8116885230072C409 /* CDXColorTests.m */ = {isa = PBXFileReference; fileEncoding = 4; lastKnownFileType = sourcecode.c.objc; name = CDXColorTests.m; path = Classes/Models/CDXColorTests.m; sourceTree = "<group>"; };
		E002B6D21168858C0072C409 /* CDXCard.h */ = {isa = PBXFileReference; fileEncoding = 4; lastKnownFileType = sourcecode.c.h; name = CDXCard.h; path = Classes/Models/CDXCard.h; sourceTree = "<group>"; };
		E002B6D31168858C0072C409 /* CDXCard.m */ = {isa = PBXFileReference; fileEncoding = 4; lastKnownFileType = sourcecode.c.objc; name = CDXCard.m; path = Classes/Models/CDXCard.m; sourceTree = "<group>"; };
		E002B6DE11688B5F0072C409 /* CDXCardTests.m */ = {isa = PBXFileReference; fileEncoding = 4; lastKnownFileType = sourcecode.c.objc; name = CDXCardTests.m; path = Classes/Models/CDXCardTests.m; sourceTree = "<group>"; };
		E002B6FA116892810072C409 /* CDXMacros.h */ = {isa = PBXFileReference; fileEncoding = 4; lastKnownFileType = sourcecode.c.h; path = CDXMacros.h; sourceTree = "<group>"; };
		E002B6FF1168942F0072C409 /* CDXCardDeck.h */ = {isa = PBXFileReference; fileEncoding = 4; lastKnownFileType = sourcecode.c.h; name = CDXCardDeck.h; path = Classes/Models/CDXCardDeck.h; sourceTree = "<group>"; };
		E002B7001168942F0072C409 /* CDXCardDeck.m */ = {isa = PBXFileReference; fileEncoding = 4; lastKnownFileType = sourcecode.c.objc; name = CDXCardDeck.m; path = Classes/Models/CDXCardDeck.m; sourceTree = "<group>"; };
		E002B703116894980072C409 /* CDXCardDeckTests.m */ = {isa = PBXFileReference; fileEncoding = 4; lastKnownFileType = sourcecode.c.objc; name = CDXCardDeckTests.m; path = Classes/Models/CDXCardDeckTests.m; sourceTree = "<group>"; };
		E002B75F11689C570072C409 /* CDXCardDeckURLSerializer.h */ = {isa = PBXFileReference; fileEncoding = 4; lastKnownFileType = sourcecode.c.h; name = CDXCardDeckURLSerializer.h; path = Classes/Models/CDXCardDeckURLSerializer.h; sourceTree = "<group>"; };
		E002B76011689C570072C409 /* CDXCardDeckURLSerializer.m */ = {isa = PBXFileReference; fileEncoding = 4; lastKnownFileType = sourcecode.c.objc; name = CDXCardDeckURLSerializer.m; path = Classes/Models/CDXCardDeckURLSerializer.m; sourceTree = "<group>"; };
		E002B7861168A8060072C409 /* CDXCardDeckURLSerializerTests.m */ = {isa = PBXFileReference; fileEncoding = 4; lastKnownFileType = sourcecode.c.objc; name = CDXCardDeckURLSerializerTests.m; path = Classes/Models/CDXCardDeckURLSerializerTests.m; sourceTree = "<group>"; };
		E032F12F1169D9FB0033980C /* CDXCardDecks.h */ = {isa = PBXFileReference; fileEncoding = 4; lastKnownFileType = sourcecode.c.h; name = CDXCardDecks.h; path = Classes/Models/CDXCardDecks.h; sourceTree = "<group>"; };
		E032F1301169D9FB0033980C /* CDXCardDecks.m */ = {isa = PBXFileReference; fileEncoding = 4; lastKnownFileType = sourcecode.c.objc; name = CDXCardDecks.m; path = Classes/Models/CDXCardDecks.m; sourceTree = "<group>"; };
		E032F1531169DB790033980C /* CDXCardDecksTests.m */ = {isa = PBXFileReference; fileEncoding = 4; lastKnownFileType = sourcecode.c.objc; name = CDXCardDecksTests.m; path = Classes/Models/CDXCardDecksTests.m; sourceTree = "<group>"; };
		E032F1641169DD9E0033980C /* CDXCardDecksViewController.h */ = {isa = PBXFileReference; fileEncoding = 4; lastKnownFileType = sourcecode.c.h; name = CDXCardDecksViewController.h; path = Classes/Controllers/CDXCardDecksViewController.h; sourceTree = "<group>"; };
		E032F1651169DD9E0033980C /* CDXCardDecksViewController.m */ = {isa = PBXFileReference; fileEncoding = 4; lastKnownFileType = sourcecode.c.objc; name = CDXCardDecksViewController.m; path = Classes/Controllers/CDXCardDecksViewController.m; sourceTree = "<group>"; };
		E032F1671169DDC10033980C /* CDXCardDecksView.xib */ = {isa = PBXFileReference; lastKnownFileType = file.xib; name = CDXCardDecksView.xib; path = UserInterfaces/CDXCardDecksView.xib; sourceTree = "<group>"; };
		E03BA23F1167475000FE7924 /* Info.plist */ = {isa = PBXFileReference; fileEncoding = 4; lastKnownFileType = text.plist.xml; path = Info.plist; sourceTree = "<group>"; };
		E03BA24C116747FC00FE7924 /* main.m */ = {isa = PBXFileReference; fileEncoding = 4; lastKnownFileType = sourcecode.c.objc; path = main.m; sourceTree = "<group>"; };
		E03BA2501167485A00FE7924 /* CDX.pch */ = {isa = PBXFileReference; fileEncoding = 4; lastKnownFileType = sourcecode.c.h; path = CDX.pch; sourceTree = "<group>"; };
		E03BA2711167488B00FE7924 /* Foundation.framework */ = {isa = PBXFileReference; lastKnownFileType = wrapper.framework; name = Foundation.framework; path = System/Library/Frameworks/Foundation.framework; sourceTree = SDKROOT; };
		E03BA2731167489600FE7924 /* UIKit.framework */ = {isa = PBXFileReference; lastKnownFileType = wrapper.framework; name = UIKit.framework; path = System/Library/Frameworks/UIKit.framework; sourceTree = SDKROOT; };
		E03BA38511674C3300FE7924 /* MainWindow.xib */ = {isa = PBXFileReference; lastKnownFileType = file.xib; name = MainWindow.xib; path = UserInterfaces/MainWindow.xib; sourceTree = "<group>"; };
		E03BA38711674CBF00FE7924 /* CDXAppDelegate.h */ = {isa = PBXFileReference; fileEncoding = 4; lastKnownFileType = sourcecode.c.h; name = CDXAppDelegate.h; path = Classes/CDXAppDelegate.h; sourceTree = "<group>"; };
		E03BA38811674CBF00FE7924 /* CDXAppDelegate.m */ = {isa = PBXFileReference; fileEncoding = 4; lastKnownFileType = sourcecode.c.objc; name = CDXAppDelegate.m; path = Classes/CDXAppDelegate.m; sourceTree = "<group>"; };
/* End PBXFileReference section */

/* Begin PBXFrameworksBuildPhase section */
		1D60588F0D05DD3D006BFB54 /* Frameworks */ = {
			isa = PBXFrameworksBuildPhase;
			buildActionMask = 2147483647;
			files = (
				E03BA2721167488B00FE7924 /* Foundation.framework in Frameworks */,
				E03BA2741167489600FE7924 /* UIKit.framework in Frameworks */,
			);
			runOnlyForDeploymentPostprocessing = 0;
		};
		E002B4F7116760650072C409 /* Frameworks */ = {
			isa = PBXFrameworksBuildPhase;
			buildActionMask = 2147483647;
			files = (
				E002B5951167613A0072C409 /* Foundation.framework in Frameworks */,
				E002B5E3116761410072C409 /* UIKit.framework in Frameworks */,
				E002B62D116762300072C409 /* SenTestingKit.framework in Frameworks */,
			);
			runOnlyForDeploymentPostprocessing = 0;
		};
/* End PBXFrameworksBuildPhase section */

/* Begin PBXGroup section */
		29B97314FDCFA39411CA2CEA /* CustomTemplate */ = {
			isa = PBXGroup;
			children = (
				E03BA34911674A2F00FE7924 /* Classes */,
				E03BA33A11674A2200FE7924 /* Other Sources */,
				E03BA38311674C1000FE7924 /* User Interfaces */,
				E03BA23F1167475000FE7924 /* Info.plist */,
				E002B4FB116760650072C409 /* Tests-Info.plist */,
				E03BA26E1167488000FE7924 /* Frameworks */,
				E00DD48811662E5500D4215E /* Products */,
			);
			name = CustomTemplate;
			sourceTree = "<group>";
		};
		E002B6C1116884B30072C409 /* Models */ = {
			isa = PBXGroup;
			children = (
				E002B6C5116885150072C409 /* CDXColor.h */,
				E002B6C6116885150072C409 /* CDXColor.m */,
				E002B6C8116885230072C409 /* CDXColorTests.m */,
				E002B6D21168858C0072C409 /* CDXCard.h */,
				E002B6D31168858C0072C409 /* CDXCard.m */,
				E002B6DE11688B5F0072C409 /* CDXCardTests.m */,
				E002B6FF1168942F0072C409 /* CDXCardDeck.h */,
				E002B7001168942F0072C409 /* CDXCardDeck.m */,
				E002B703116894980072C409 /* CDXCardDeckTests.m */,
				E002B75F11689C570072C409 /* CDXCardDeckURLSerializer.h */,
				E002B76011689C570072C409 /* CDXCardDeckURLSerializer.m */,
				E002B7861168A8060072C409 /* CDXCardDeckURLSerializerTests.m */,
				E032F12F1169D9FB0033980C /* CDXCardDecks.h */,
				E032F1301169D9FB0033980C /* CDXCardDecks.m */,
				E032F1531169DB790033980C /* CDXCardDecksTests.m */,
			);
			name = Models;
			sourceTree = "<group>";
		};
		E002B8CB1168D6B70072C409 /* Controllers */ = {
			isa = PBXGroup;
			children = (
			);
			name = Controllers;
			sourceTree = "<group>";
		};
		E002B8CC1168D6CA0072C409 /* Views */ = {
			isa = PBXGroup;
			children = (
				E032F1641169DD9E0033980C /* CDXCardDecksViewController.h */,
				E032F1651169DD9E0033980C /* CDXCardDecksViewController.m */,
			);
			name = Views;
			sourceTree = "<group>";
		};
		E00DD48811662E5500D4215E /* Products */ = {
			isa = PBXGroup;
			children = (
				E002B449116754350072C409 /* CardDecks2.app */,
				E002B4FA116760650072C409 /* Tests.octest */,
			);
			name = Products;
			sourceTree = "<group>";
		};
		E03BA26E1167488000FE7924 /* Frameworks */ = {
			isa = PBXGroup;
			children = (
				E03BA2711167488B00FE7924 /* Foundation.framework */,
				E03BA2731167489600FE7924 /* UIKit.framework */,
				E002B627116762260072C409 /* SenTestingKit.framework */,
			);
			name = Frameworks;
			sourceTree = "<group>";
		};
		E03BA33A11674A2200FE7924 /* Other Sources */ = {
			isa = PBXGroup;
			children = (
				E03BA2501167485A00FE7924 /* CDX.pch */,
				E002B6FA116892810072C409 /* CDXMacros.h */,
				E03BA24C116747FC00FE7924 /* main.m */,
			);
			name = "Other Sources";
			sourceTree = "<group>";
		};
		E03BA34911674A2F00FE7924 /* Classes */ = {
			isa = PBXGroup;
			children = (
				E002B6C1116884B30072C409 /* Models */,
				E002B8CB1168D6B70072C409 /* Controllers */,
				E002B8CC1168D6CA0072C409 /* Views */,
				E03BA38711674CBF00FE7924 /* CDXAppDelegate.h */,
				E03BA38811674CBF00FE7924 /* CDXAppDelegate.m */,
			);
			name = Classes;
			sourceTree = "<group>";
		};
		E03BA38311674C1000FE7924 /* User Interfaces */ = {
			isa = PBXGroup;
			children = (
				E03BA38511674C3300FE7924 /* MainWindow.xib */,
				E032F1671169DDC10033980C /* CDXCardDecksView.xib */,
			);
			name = "User Interfaces";
			sourceTree = "<group>";
		};
/* End PBXGroup section */

/* Begin PBXNativeTarget section */
		1D6058900D05DD3D006BFB54 /* CardDecks2 */ = {
			isa = PBXNativeTarget;
			buildConfigurationList = 1D6058960D05DD3E006BFB54 /* Build configuration list for PBXNativeTarget "CardDecks2" */;
			buildPhases = (
				1D60588D0D05DD3D006BFB54 /* Resources */,
				1D60588E0D05DD3D006BFB54 /* Sources */,
				1D60588F0D05DD3D006BFB54 /* Frameworks */,
			);
			buildRules = (
			);
			dependencies = (
				E002B5061167608D0072C409 /* PBXTargetDependency */,
			);
			name = CardDecks2;
			productName = CardDecks;
			productReference = E002B449116754350072C409 /* CardDecks2.app */;
			productType = "com.apple.product-type.application";
		};
		E002B4F9116760650072C409 /* Tests */ = {
			isa = PBXNativeTarget;
			buildConfigurationList = E002B4FF116760660072C409 /* Build configuration list for PBXNativeTarget "Tests" */;
			buildPhases = (
				E002B4F5116760650072C409 /* Resources */,
				E002B4F6116760650072C409 /* Sources */,
				E002B4F7116760650072C409 /* Frameworks */,
				E002B4F8116760650072C409 /* ShellScript */,
			);
			buildRules = (
			);
			dependencies = (
			);
			name = Tests;
			productName = Tests;
			productReference = E002B4FA116760650072C409 /* Tests.octest */;
			productType = "com.apple.product-type.bundle";
		};
/* End PBXNativeTarget section */

/* Begin PBXProject section */
		29B97313FDCFA39411CA2CEA /* Project object */ = {
			isa = PBXProject;
			buildConfigurationList = C01FCF4E08A954540054247B /* Build configuration list for PBXProject "CardDecks" */;
			compatibilityVersion = "Xcode 3.1";
			hasScannedForEncodings = 1;
			mainGroup = 29B97314FDCFA39411CA2CEA /* CustomTemplate */;
			productRefGroup = E00DD48811662E5500D4215E /* Products */;
			projectDirPath = "";
			projectRoot = "";
			targets = (
				1D6058900D05DD3D006BFB54 /* CardDecks2 */,
				E002B4F9116760650072C409 /* Tests */,
			);
		};
/* End PBXProject section */

/* Begin PBXResourcesBuildPhase section */
		1D60588D0D05DD3D006BFB54 /* Resources */ = {
			isa = PBXResourcesBuildPhase;
			buildActionMask = 2147483647;
			files = (
				E03BA38611674C3300FE7924 /* MainWindow.xib in Resources */,
				E032F1681169DDC10033980C /* CDXCardDecksView.xib in Resources */,
			);
			runOnlyForDeploymentPostprocessing = 0;
		};
		E002B4F5116760650072C409 /* Resources */ = {
			isa = PBXResourcesBuildPhase;
			buildActionMask = 2147483647;
			files = (
			);
			runOnlyForDeploymentPostprocessing = 0;
		};
/* End PBXResourcesBuildPhase section */

/* Begin PBXShellScriptBuildPhase section */
		E002B4F8116760650072C409 /* ShellScript */ = {
			isa = PBXShellScriptBuildPhase;
			buildActionMask = 2147483647;
			files = (
			);
			inputPaths = (
			);
			outputPaths = (
			);
			runOnlyForDeploymentPostprocessing = 0;
			shellPath = /bin/sh;
			shellScript = "# Run the unit tests in this test bundle.\n\"${SYSTEM_DEVELOPER_DIR}/Tools/RunUnitTests\"\n";
		};
/* End PBXShellScriptBuildPhase section */

/* Begin PBXSourcesBuildPhase section */
		1D60588E0D05DD3D006BFB54 /* Sources */ = {
			isa = PBXSourcesBuildPhase;
			buildActionMask = 2147483647;
			files = (
				E03BA24D116747FC00FE7924 /* main.m in Sources */,
				E03BA38911674CBF00FE7924 /* CDXAppDelegate.m in Sources */,
				E002B6C7116885150072C409 /* CDXColor.m in Sources */,
				E002B6D41168858C0072C409 /* CDXCard.m in Sources */,
				E002B7011168942F0072C409 /* CDXCardDeck.m in Sources */,
				E002B76211689C570072C409 /* CDXCardDeckURLSerializer.m in Sources */,
				E032F1311169D9FB0033980C /* CDXCardDecks.m in Sources */,
				E032F1661169DD9E0033980C /* CDXCardDecksViewController.m in Sources */,
			);
			runOnlyForDeploymentPostprocessing = 0;
		};
		E002B4F6116760650072C409 /* Sources */ = {
			isa = PBXSourcesBuildPhase;
			buildActionMask = 2147483647;
			files = (
				E002B6C9116885230072C409 /* CDXColorTests.m in Sources */,
				E002B6CC116885340072C409 /* CDXColor.m in Sources */,
				E002B6DF11688B5F0072C409 /* CDXCardTests.m in Sources */,
				E002B6E011688B640072C409 /* CDXCard.m in Sources */,
				E002B7021168942F0072C409 /* CDXCardDeck.m in Sources */,
				E002B704116894980072C409 /* CDXCardDeckTests.m in Sources */,
				E002B76111689C570072C409 /* CDXCardDeckURLSerializer.m in Sources */,
				E002B7881168A8060072C409 /* CDXCardDeckURLSerializerTests.m in Sources */,
				E032F1521169DB5D0033980C /* CDXCardDecks.m in Sources */,
				E032F1541169DB790033980C /* CDXCardDecksTests.m in Sources */,
			);
			runOnlyForDeploymentPostprocessing = 0;
		};
/* End PBXSourcesBuildPhase section */

/* Begin PBXTargetDependency section */
		E002B5061167608D0072C409 /* PBXTargetDependency */ = {
			isa = PBXTargetDependency;
			target = E002B4F9116760650072C409 /* Tests */;
			targetProxy = E002B5051167608D0072C409 /* PBXContainerItemProxy */;
		};
/* End PBXTargetDependency section */

/* Begin XCBuildConfiguration section */
		1D6058940D05DD3E006BFB54 /* Debug */ = {
			isa = XCBuildConfiguration;
			buildSettings = {
				ALWAYS_SEARCH_USER_PATHS = NO;
				"CODE_SIGN_IDENTITY[sdk=iphoneos*]" = "iPhone Developer";
				COPY_PHASE_STRIP = NO;
				FRAMEWORK_SEARCH_PATHS = (
					"$(inherited)",
					"\"$(SDKROOT)$(DEVELOPER_FRAMEWORKS_DIR)\"",
				);
				GCC_DYNAMIC_NO_PIC = NO;
				GCC_OPTIMIZATION_LEVEL = 0;
				GCC_PRECOMPILE_PREFIX_HEADER = YES;
				GCC_PREFIX_HEADER = CDX.pch;
				GCC_VERSION = 4.2;
				INFOPLIST_FILE = Info.plist;
				PRODUCT_NAME = CardDecks2;
				RUN_CLANG_STATIC_ANALYZER = YES;
				SDKROOT = iphoneos3.0;
			};
			name = Debug;
		};
		1D6058950D05DD3E006BFB54 /* Release */ = {
			isa = XCBuildConfiguration;
			buildSettings = {
				ALWAYS_SEARCH_USER_PATHS = NO;
				"CODE_SIGN_IDENTITY[sdk=iphoneos*]" = "iPhone Developer";
				COMPRESS_PNG_FILES = YES;
				COPY_PHASE_STRIP = NO;
				FRAMEWORK_SEARCH_PATHS = (
					"$(inherited)",
					"\"$(SDKROOT)$(DEVELOPER_FRAMEWORKS_DIR)\"",
				);
				GCC_PRECOMPILE_PREFIX_HEADER = YES;
				GCC_PREFIX_HEADER = CDX.pch;
				GCC_VERSION = 4.2;
				INFOPLIST_FILE = Info.plist;
				PRODUCT_NAME = CardDecks2;
				RUN_CLANG_STATIC_ANALYZER = YES;
				SDKROOT = iphoneos3.0;
			};
			name = Release;
		};
		C01FCF4F08A954540054247B /* Debug */ = {
			isa = XCBuildConfiguration;
			buildSettings = {
				ARCHS = "$(ARCHS_STANDARD_32_BIT)";
				"CODE_SIGN_IDENTITY[sdk=iphoneos*]" = "iPhone Developer";
				GCC_C_LANGUAGE_STANDARD = c99;
				GCC_WARN_ABOUT_RETURN_TYPE = YES;
				GCC_WARN_UNUSED_VARIABLE = YES;
				ONLY_ACTIVE_ARCH = YES;
				PREBINDING = NO;
				SDKROOT = iphoneos3.0;
			};
			name = Debug;
		};
		C01FCF5008A954540054247B /* Release */ = {
			isa = XCBuildConfiguration;
			buildSettings = {
				ARCHS = "$(ARCHS_STANDARD_32_BIT)";
				"CODE_SIGN_IDENTITY[sdk=iphoneos*]" = "iPhone Developer";
				GCC_C_LANGUAGE_STANDARD = c99;
				GCC_WARN_ABOUT_RETURN_TYPE = YES;
				GCC_WARN_UNUSED_VARIABLE = YES;
				PREBINDING = NO;
				SDKROOT = iphoneos3.0;
			};
			name = Release;
		};
		E002B4FC116760660072C409 /* Debug */ = {
			isa = XCBuildConfiguration;
			buildSettings = {
				ALWAYS_SEARCH_USER_PATHS = NO;
				"CODE_SIGN_IDENTITY[sdk=iphoneos*]" = "";
				COPY_PHASE_STRIP = NO;
				FRAMEWORK_SEARCH_PATHS = (
					"\"$(SDKROOT)/Developer/Library/Frameworks\"",
					"\"$(DEVELOPER_LIBRARY_DIR)/Frameworks\"",
					"\"$(SDKROOT)$(DEVELOPER_FRAMEWORKS_DIR)\"",
				);
				GCC_DYNAMIC_NO_PIC = NO;
				GCC_ENABLE_FIX_AND_CONTINUE = NO;
				GCC_ENABLE_OBJC_EXCEPTIONS = YES;
				GCC_OPTIMIZATION_LEVEL = 0;
				GCC_PRECOMPILE_PREFIX_HEADER = YES;
				GCC_PREFIX_HEADER = CDX.pch;
				INFOPLIST_FILE = "Tests-Info.plist";
				OTHER_LDFLAGS = (
					"-framework",
					Foundation,
					"-framework",
					SenTestingKit,
					"-framework",
					UIKit,
				);
				PREBINDING = NO;
				PRODUCT_NAME = Tests;
				RUN_CLANG_STATIC_ANALYZER = YES;
				WRAPPER_EXTENSION = octest;
			};
			name = Debug;
		};
		E002B4FD116760660072C409 /* Release */ = {
			isa = XCBuildConfiguration;
			buildSettings = {
				ALWAYS_SEARCH_USER_PATHS = NO;
				"CODE_SIGN_IDENTITY[sdk=iphoneos*]" = "";
				COPY_PHASE_STRIP = YES;
				DEBUG_INFORMATION_FORMAT = "dwarf-with-dsym";
				FRAMEWORK_SEARCH_PATHS = (
					"\"$(SDKROOT)/Developer/Library/Frameworks\"",
					"\"$(DEVELOPER_LIBRARY_DIR)/Frameworks\"",
					"\"$(SDKROOT)$(DEVELOPER_FRAMEWORKS_DIR)\"",
				);
				GCC_ENABLE_FIX_AND_CONTINUE = NO;
				GCC_ENABLE_OBJC_EXCEPTIONS = YES;
				GCC_PRECOMPILE_PREFIX_HEADER = YES;
				GCC_PREFIX_HEADER = CDX.pch;
				INFOPLIST_FILE = "Tests-Info.plist";
				OTHER_LDFLAGS = (
					"-framework",
					Foundation,
					"-framework",
					SenTestingKit,
					"-framework",
					UIKit,
				);
				PREBINDING = NO;
				PRODUCT_NAME = Tests;
				RUN_CLANG_STATIC_ANALYZER = YES;
				WRAPPER_EXTENSION = octest;
				ZERO_LINK = NO;
			};
			name = Release;
		};
		E002B4FE116760660072C409 /* Distribution */ = {
			isa = XCBuildConfiguration;
			buildSettings = {
				ALWAYS_SEARCH_USER_PATHS = NO;
				"CODE_SIGN_IDENTITY[sdk=iphoneos*]" = "";
				FRAMEWORK_SEARCH_PATHS = (
					"\"$(SDKROOT)/Developer/Library/Frameworks\"",
					"\"$(DEVELOPER_LIBRARY_DIR)/Frameworks\"",
					"\"$(SDKROOT)$(DEVELOPER_FRAMEWORKS_DIR)\"",
				);
				GCC_ENABLE_FIX_AND_CONTINUE = NO;
				GCC_ENABLE_OBJC_EXCEPTIONS = YES;
				GCC_PRECOMPILE_PREFIX_HEADER = YES;
				GCC_PREFIX_HEADER = CDX.pch;
				INFOPLIST_FILE = "Tests-Info.plist";
				OTHER_LDFLAGS = (
					"-framework",
					Foundation,
					"-framework",
					SenTestingKit,
					"-framework",
					UIKit,
				);
				PREBINDING = NO;
				PRODUCT_NAME = Tests;
				RUN_CLANG_STATIC_ANALYZER = YES;
				WRAPPER_EXTENSION = octest;
			};
			name = Distribution;
		};
		E06615A30FFF78C800571D7D /* Distribution */ = {
			isa = XCBuildConfiguration;
			buildSettings = {
				ARCHS = "$(ARCHS_STANDARD_32_BIT)";
				"CODE_SIGN_IDENTITY[sdk=iphoneos*]" = "iPhone Developer";
				GCC_C_LANGUAGE_STANDARD = c99;
				GCC_WARN_ABOUT_RETURN_TYPE = YES;
				GCC_WARN_UNUSED_VARIABLE = YES;
				PREBINDING = NO;
				SDKROOT = iphoneos3.0;
			};
			name = Distribution;
		};
		E06615A40FFF78C800571D7D /* Distribution */ = {
			isa = XCBuildConfiguration;
			buildSettings = {
				ALWAYS_SEARCH_USER_PATHS = NO;
				"CODE_SIGN_IDENTITY[sdk=iphoneos*]" = "iPhone Distribution";
				COMPRESS_PNG_FILES = YES;
				COPY_PHASE_STRIP = NO;
				FRAMEWORK_SEARCH_PATHS = (
					"$(inherited)",
					"\"$(SDKROOT)$(DEVELOPER_FRAMEWORKS_DIR)\"",
				);
				GCC_PRECOMPILE_PREFIX_HEADER = YES;
				GCC_PREFIX_HEADER = CDX.pch;
				GCC_VERSION = 4.2;
				INFOPLIST_FILE = Info.plist;
				PRODUCT_NAME = CardDecks2;
				RUN_CLANG_STATIC_ANALYZER = YES;
				SDKROOT = iphoneos3.0;
			};
			name = Distribution;
		};
/* End XCBuildConfiguration section */

/* Begin XCConfigurationList section */
		1D6058960D05DD3E006BFB54 /* Build configuration list for PBXNativeTarget "CardDecks2" */ = {
			isa = XCConfigurationList;
			buildConfigurations = (
				1D6058940D05DD3E006BFB54 /* Debug */,
				1D6058950D05DD3E006BFB54 /* Release */,
				E06615A40FFF78C800571D7D /* Distribution */,
			);
			defaultConfigurationIsVisible = 0;
			defaultConfigurationName = Release;
		};
		C01FCF4E08A954540054247B /* Build configuration list for PBXProject "CardDecks" */ = {
			isa = XCConfigurationList;
			buildConfigurations = (
				C01FCF4F08A954540054247B /* Debug */,
				C01FCF5008A954540054247B /* Release */,
				E06615A30FFF78C800571D7D /* Distribution */,
			);
			defaultConfigurationIsVisible = 0;
			defaultConfigurationName = Release;
		};
		E002B4FF116760660072C409 /* Build configuration list for PBXNativeTarget "Tests" */ = {
			isa = XCConfigurationList;
			buildConfigurations = (
				E002B4FC116760660072C409 /* Debug */,
				E002B4FD116760660072C409 /* Release */,
				E002B4FE116760660072C409 /* Distribution */,
			);
			defaultConfigurationIsVisible = 0;
			defaultConfigurationName = Release;
		};
/* End XCConfigurationList section */
	};
	rootObject = 29B97313FDCFA39411CA2CEA /* Project object */;
}
